// !$*UTF8*$!
{
	archiveVersion = 1;
	classes = {
	};
	objectVersion = 46;
	objects = {

/* Begin PBXBuildFile section */
		7DDC97161430A54E0041E0ED /* UIKit.framework in Frameworks */ = {isa = PBXBuildFile; fileRef = 7DDC97151430A54E0041E0ED /* UIKit.framework */; };
		7DDC97181430A54E0041E0ED /* Foundation.framework in Frameworks */ = {isa = PBXBuildFile; fileRef = 7DDC97171430A54E0041E0ED /* Foundation.framework */; };
		7DDC971A1430A54E0041E0ED /* CoreGraphics.framework in Frameworks */ = {isa = PBXBuildFile; fileRef = 7DDC97191430A54E0041E0ED /* CoreGraphics.framework */; };
		7DDC971C1430A54E0041E0ED /* CoreData.framework in Frameworks */ = {isa = PBXBuildFile; fileRef = 7DDC971B1430A54E0041E0ED /* CoreData.framework */; };
		7DDC97221430A54E0041E0ED /* InfoPlist.strings in Resources */ = {isa = PBXBuildFile; fileRef = 7DDC97201430A54E0041E0ED /* InfoPlist.strings */; };
		7DDC97241430A54E0041E0ED /* main.m in Sources */ = {isa = PBXBuildFile; fileRef = 7DDC97231430A54E0041E0ED /* main.m */; };
		7DDC97281430A54E0041E0ED /* AppDelegate.m in Sources */ = {isa = PBXBuildFile; fileRef = 7DDC97271430A54E0041E0ED /* AppDelegate.m */; };
		7DDC972B1430A54E0041E0ED /* SAS_iPad_App.xcdatamodeld in Sources */ = {isa = PBXBuildFile; fileRef = 7DDC97291430A54E0041E0ED /* SAS_iPad_App.xcdatamodeld */; };
		8F4264731430B03A00CA5340 /* SearchPopUpViewController.xib in Resources */ = {isa = PBXBuildFile; fileRef = 8F4264721430B03A00CA5340 /* SearchPopUpViewController.xib */; };
/* End PBXBuildFile section */

/* Begin PBXFileReference section */
		7DDC97111430A54E0041E0ED /* SAS-iPad-App.app */ = {isa = PBXFileReference; explicitFileType = wrapper.application; includeInIndex = 0; path = "SAS-iPad-App.app"; sourceTree = BUILT_PRODUCTS_DIR; };
		7DDC97151430A54E0041E0ED /* UIKit.framework */ = {isa = PBXFileReference; lastKnownFileType = wrapper.framework; name = UIKit.framework; path = System/Library/Frameworks/UIKit.framework; sourceTree = SDKROOT; };
		7DDC97171430A54E0041E0ED /* Foundation.framework */ = {isa = PBXFileReference; lastKnownFileType = wrapper.framework; name = Foundation.framework; path = System/Library/Frameworks/Foundation.framework; sourceTree = SDKROOT; };
		7DDC97191430A54E0041E0ED /* CoreGraphics.framework */ = {isa = PBXFileReference; lastKnownFileType = wrapper.framework; name = CoreGraphics.framework; path = System/Library/Frameworks/CoreGraphics.framework; sourceTree = SDKROOT; };
		7DDC971B1430A54E0041E0ED /* CoreData.framework */ = {isa = PBXFileReference; lastKnownFileType = wrapper.framework; name = CoreData.framework; path = System/Library/Frameworks/CoreData.framework; sourceTree = SDKROOT; };
		7DDC971F1430A54E0041E0ED /* SAS-iPad-App-Info.plist */ = {isa = PBXFileReference; lastKnownFileType = text.plist.xml; path = "SAS-iPad-App-Info.plist"; sourceTree = "<group>"; };
		7DDC97211430A54E0041E0ED /* en */ = {isa = PBXFileReference; lastKnownFileType = text.plist.strings; name = en; path = en.lproj/InfoPlist.strings; sourceTree = "<group>"; };
		7DDC97231430A54E0041E0ED /* main.m */ = {isa = PBXFileReference; lastKnownFileType = sourcecode.c.objc; path = main.m; sourceTree = "<group>"; };
		7DDC97251430A54E0041E0ED /* SAS-iPad-App-Prefix.pch */ = {isa = PBXFileReference; lastKnownFileType = sourcecode.c.h; path = "SAS-iPad-App-Prefix.pch"; sourceTree = "<group>"; };
		7DDC97261430A54E0041E0ED /* AppDelegate.h */ = {isa = PBXFileReference; lastKnownFileType = sourcecode.c.h; path = AppDelegate.h; sourceTree = "<group>"; };
		7DDC97271430A54E0041E0ED /* AppDelegate.m */ = {isa = PBXFileReference; lastKnownFileType = sourcecode.c.objc; path = AppDelegate.m; sourceTree = "<group>"; };
		7DDC972A1430A54E0041E0ED /* SAS_iPad_App.xcdatamodel */ = {isa = PBXFileReference; lastKnownFileType = wrapper.xcdatamodel; path = SAS_iPad_App.xcdatamodel; sourceTree = "<group>"; };
		8F4264721430B03A00CA5340 /* SearchPopUpViewController.xib */ = {isa = PBXFileReference; fileEncoding = 4; lastKnownFileType = file.xib; path = SearchPopUpViewController.xib; sourceTree = "<group>"; };
/* End PBXFileReference section */

/* Begin PBXFrameworksBuildPhase section */
		7DDC970E1430A54E0041E0ED /* Frameworks */ = {
			isa = PBXFrameworksBuildPhase;
			buildActionMask = 2147483647;
			files = (
				7DDC97161430A54E0041E0ED /* UIKit.framework in Frameworks */,
				7DDC97181430A54E0041E0ED /* Foundation.framework in Frameworks */,
				7DDC971A1430A54E0041E0ED /* CoreGraphics.framework in Frameworks */,
				7DDC971C1430A54E0041E0ED /* CoreData.framework in Frameworks */,
			);
			runOnlyForDeploymentPostprocessing = 0;
		};
/* End PBXFrameworksBuildPhase section */

/* Begin PBXGroup section */
		7DDC97061430A54D0041E0ED = {
			isa = PBXGroup;
			children = (
				7DDC971D1430A54E0041E0ED /* SAS-iPad-App */,
				7DDC97141430A54E0041E0ED /* Frameworks */,
				7DDC97121430A54E0041E0ED /* Products */,
			);
			sourceTree = "<group>";
		};
		7DDC97121430A54E0041E0ED /* Products */ = {
			isa = PBXGroup;
			children = (
				7DDC97111430A54E0041E0ED /* SAS-iPad-App.app */,
			);
			name = Products;
			sourceTree = "<group>";
		};
		7DDC97141430A54E0041E0ED /* Frameworks */ = {
			isa = PBXGroup;
			children = (
				7DDC97151430A54E0041E0ED /* UIKit.framework */,
				7DDC97171430A54E0041E0ED /* Foundation.framework */,
				7DDC97191430A54E0041E0ED /* CoreGraphics.framework */,
				7DDC971B1430A54E0041E0ED /* CoreData.framework */,
			);
			name = Frameworks;
			sourceTree = "<group>";
		};
		7DDC971D1430A54E0041E0ED /* SAS-iPad-App */ = {
			isa = PBXGroup;
			children = (
				7DDC97261430A54E0041E0ED /* AppDelegate.h */,
				7DDC97271430A54E0041E0ED /* AppDelegate.m */,
				7DDC97291430A54E0041E0ED /* SAS_iPad_App.xcdatamodeld */,
				7DDC971E1430A54E0041E0ED /* Supporting Files */,
			);
			path = "SAS-iPad-App";
			sourceTree = "<group>";
		};
		7DDC971E1430A54E0041E0ED /* Supporting Files */ = {
			isa = PBXGroup;
			children = (
				8F4264721430B03A00CA5340 /* SearchPopUpViewController.xib */,
				7DDC971F1430A54E0041E0ED /* SAS-iPad-App-Info.plist */,
				7DDC97201430A54E0041E0ED /* InfoPlist.strings */,
				7DDC97231430A54E0041E0ED /* main.m */,
				7DDC97251430A54E0041E0ED /* SAS-iPad-App-Prefix.pch */,
			);
			name = "Supporting Files";
			sourceTree = "<group>";
		};
/* End PBXGroup section */

/* Begin PBXNativeTarget section */
		7DDC97101430A54E0041E0ED /* SAS-iPad-App */ = {
			isa = PBXNativeTarget;
			buildConfigurationList = 7DDC972E1430A54E0041E0ED /* Build configuration list for PBXNativeTarget "SAS-iPad-App" */;
			buildPhases = (
				7DDC970D1430A54E0041E0ED /* Sources */,
				7DDC970E1430A54E0041E0ED /* Frameworks */,
				7DDC970F1430A54E0041E0ED /* Resources */,
			);
			buildRules = (
			);
			dependencies = (
			);
			name = "SAS-iPad-App";
			productName = "SAS-iPad-App";
			productReference = 7DDC97111430A54E0041E0ED /* SAS-iPad-App.app */;
			productType = "com.apple.product-type.application";
		};
/* End PBXNativeTarget section */

/* Begin PBXProject section */
		7DDC97081430A54D0041E0ED /* Project object */ = {
			isa = PBXProject;
			attributes = {
				LastUpgradeCheck = 0420;
				ORGANIZATIONNAME = "neveling.net GmbH";
			};
			buildConfigurationList = 7DDC970B1430A54D0041E0ED /* Build configuration list for PBXProject "SAS-iPad-App" */;
			compatibilityVersion = "Xcode 3.2";
			developmentRegion = English;
			hasScannedForEncodings = 0;
			knownRegions = (
				en,
			);
			mainGroup = 7DDC97061430A54D0041E0ED;
			productRefGroup = 7DDC97121430A54E0041E0ED /* Products */;
			projectDirPath = "";
			projectRoot = "";
			targets = (
				7DDC97101430A54E0041E0ED /* SAS-iPad-App */,
			);
		};
/* End PBXProject section */

/* Begin PBXResourcesBuildPhase section */
		7DDC970F1430A54E0041E0ED /* Resources */ = {
			isa = PBXResourcesBuildPhase;
			buildActionMask = 2147483647;
			files = (
				7DDC97221430A54E0041E0ED /* InfoPlist.strings in Resources */,
				8F4264731430B03A00CA5340 /* SearchPopUpViewController.xib in Resources */,
			);
			runOnlyForDeploymentPostprocessing = 0;
		};
/* End PBXResourcesBuildPhase section */

/* Begin PBXSourcesBuildPhase section */
		7DDC970D1430A54E0041E0ED /* Sources */ = {
			isa = PBXSourcesBuildPhase;
			buildActionMask = 2147483647;
			files = (
				7DDC97241430A54E0041E0ED /* main.m in Sources */,
				7DDC97281430A54E0041E0ED /* AppDelegate.m in Sources */,
				7DDC972B1430A54E0041E0ED /* SAS_iPad_App.xcdatamodeld in Sources */,
			);
			runOnlyForDeploymentPostprocessing = 0;
		};
/* End PBXSourcesBuildPhase section */

/* Begin PBXVariantGroup section */
		7DDC97201430A54E0041E0ED /* InfoPlist.strings */ = {
			isa = PBXVariantGroup;
			children = (
				7DDC97211430A54E0041E0ED /* en */,
			);
			name = InfoPlist.strings;
			sourceTree = "<group>";
		};
/* End PBXVariantGroup section */

/* Begin XCBuildConfiguration section */
		7DDC972C1430A54E0041E0ED /* Debug */ = {
			isa = XCBuildConfiguration;
			buildSettings = {
				ALWAYS_SEARCH_USER_PATHS = NO;
				ARCHS = "$(ARCHS_STANDARD_32_BIT)";
				CLANG_ENABLE_OBJC_ARC = YES;
				"CODE_SIGN_IDENTITY[sdk=iphoneos*]" = "iPhone Developer";
				COPY_PHASE_STRIP = NO;
				GCC_C_LANGUAGE_STANDARD = gnu99;
				GCC_DYNAMIC_NO_PIC = NO;
				GCC_OPTIMIZATION_LEVEL = 0;
				GCC_PREPROCESSOR_DEFINITIONS = (
					"DEBUG=1",
					"$(inherited)",
				);
				GCC_SYMBOLS_PRIVATE_EXTERN = NO;
				GCC_VERSION = com.apple.compilers.llvm.clang.1_0;
				GCC_WARN_ABOUT_MISSING_PROTOTYPES = YES;
				GCC_WARN_ABOUT_RETURN_TYPE = YES;
				GCC_WARN_UNUSED_VARIABLE = YES;
				IPHONEOS_DEPLOYMENT_TARGET = 5.0;
				SDKROOT = iphoneos;
				TARGETED_DEVICE_FAMILY = 2;
			};
			name = Debug;
		};
		7DDC972D1430A54E0041E0ED /* Release */ = {
			isa = XCBuildConfiguration;
			buildSettings = {
				ALWAYS_SEARCH_USER_PATHS = NO;
				ARCHS = "$(ARCHS_STANDARD_32_BIT)";
				CLANG_ENABLE_OBJC_ARC = YES;
				"CODE_SIGN_IDENTITY[sdk=iphoneos*]" = "iPhone Developer";
				COPY_PHASE_STRIP = YES;
				GCC_C_LANGUAGE_STANDARD = gnu99;
				GCC_VERSION = com.apple.compilers.llvm.clang.1_0;
				GCC_WARN_ABOUT_MISSING_PROTOTYPES = YES;
				GCC_WARN_ABOUT_RETURN_TYPE = YES;
				GCC_WARN_UNUSED_VARIABLE = YES;
				IPHONEOS_DEPLOYMENT_TARGET = 5.0;
				OTHER_CFLAGS = "-DNS_BLOCK_ASSERTIONS=1";
				SDKROOT = iphoneos;
				TARGETED_DEVICE_FAMILY = 2;
				VALIDATE_PRODUCT = YES;
			};
			name = Release;
		};
		7DDC972F1430A54E0041E0ED /* Debug */ = {
			isa = XCBuildConfiguration;
			buildSettings = {
				GCC_PRECOMPILE_PREFIX_HEADER = YES;
				GCC_PREFIX_HEADER = "SAS-iPad-App/SAS-iPad-App-Prefix.pch";
				INFOPLIST_FILE = "SAS-iPad-App/SAS-iPad-App-Info.plist";
				PRODUCT_NAME = "$(TARGET_NAME)";
				WRAPPER_EXTENSION = app;
			};
			name = Debug;
		};
		7DDC97301430A54E0041E0ED /* Release */ = {
			isa = XCBuildConfiguration;
			buildSettings = {
				GCC_PRECOMPILE_PREFIX_HEADER = YES;
				GCC_PREFIX_HEADER = "SAS-iPad-App/SAS-iPad-App-Prefix.pch";
				INFOPLIST_FILE = "SAS-iPad-App/SAS-iPad-App-Info.plist";
				PRODUCT_NAME = "$(TARGET_NAME)";
				WRAPPER_EXTENSION = app;
			};
			name = Release;
		};
/* End XCBuildConfiguration section */

/* Begin XCConfigurationList section */
		7DDC970B1430A54D0041E0ED /* Build configuration list for PBXProject "SAS-iPad-App" */ = {
			isa = XCConfigurationList;
			buildConfigurations = (
				7DDC972C1430A54E0041E0ED /* Debug */,
				7DDC972D1430A54E0041E0ED /* Release */,
			);
			defaultConfigurationIsVisible = 0;
			defaultConfigurationName = Release;
		};
		7DDC972E1430A54E0041E0ED /* Build configuration list for PBXNativeTarget "SAS-iPad-App" */ = {
			isa = XCConfigurationList;
			buildConfigurations = (
				7DDC972F1430A54E0041E0ED /* Debug */,
				7DDC97301430A54E0041E0ED /* Release */,
			);
			defaultConfigurationIsVisible = 0;
			defaultConfigurationName = Release;
		};
/* End XCConfigurationList section */

/* Begin XCVersionGroup section */
		7DDC97291430A54E0041E0ED /* SAS_iPad_App.xcdatamodeld */ = {
			isa = XCVersionGroup;
			children = (
				7DDC972A1430A54E0041E0ED /* SAS_iPad_App.xcdatamodel */,
			);
			currentVersion = 7DDC972A1430A54E0041E0ED /* SAS_iPad_App.xcdatamodel */;
			path = SAS_iPad_App.xcdatamodeld;
			sourceTree = "<group>";
			versionGroupType = wrapper.xcdatamodel;
		};
/* End XCVersionGroup section */
	};
	rootObject = 7DDC97081430A54D0041E0ED /* Project object */;
}
