// !$*UTF8*$!
{
	archiveVersion = 1;
	classes = {
	};
	objectVersion = 46;
	objects = {

/* Begin PBXBuildFile section */
		1D3623260D0F684500981E51 /* TabBarWithSplitViewAppDelegate.m in Sources */ = {isa = PBXBuildFile; fileRef = 1D3623250D0F684500981E51 /* TabBarWithSplitViewAppDelegate.m */; };
		1D60589B0D05DD56006BFB54 /* main.m in Sources */ = {isa = PBXBuildFile; fileRef = 29B97316FDCFA39411CA2CEA /* main.m */; };
		1D60589F0D05DD5A006BFB54 /* Foundation.framework in Frameworks */ = {isa = PBXBuildFile; fileRef = 1D30AB110D05D00D00671497 /* Foundation.framework */; };
		1DF5F4E00D08C38300B7A737 /* UIKit.framework in Frameworks */ = {isa = PBXBuildFile; fileRef = 1DF5F4DF0D08C38300B7A737 /* UIKit.framework */; };
		28216C970DB411BC00E5133A /* Orte.m in Sources */ = {isa = PBXBuildFile; fileRef = 28216C960DB411BC00E5133A /* Orte.m */; };
		284F764110B34E8A00D7BA5B /* Home.m in Sources */ = {isa = PBXBuildFile; fileRef = 284F764010B34E8A00D7BA5B /* Home.m */; };
		288765080DF74369002DB57D /* CoreGraphics.framework in Frameworks */ = {isa = PBXBuildFile; fileRef = 288765070DF74369002DB57D /* CoreGraphics.framework */; };
		28AD73880D9D96C1002E5188 /* MainWindow.xib in Resources */ = {isa = PBXBuildFile; fileRef = 28AD73870D9D96C1002E5188 /* MainWindow.xib */; };
		55196931144C66B600021F34 /* AvailabilityInfo2.m in Sources */ = {isa = PBXBuildFile; fileRef = 55196930144C66B600021F34 /* AvailabilityInfo2.m */; };
		55196937144C66BA00021F34 /* ObjAttribute.m in Sources */ = {isa = PBXBuildFile; fileRef = 55196936144C66BA00021F34 /* ObjAttribute.m */; };
		5519693A144C66BB00021F34 /* ObjInfo2.m in Sources */ = {isa = PBXBuildFile; fileRef = 55196939144C66BB00021F34 /* ObjInfo2.m */; };
		5519693D144C66BD00021F34 /* ObjPriceInfo.m in Sources */ = {isa = PBXBuildFile; fileRef = 5519693C144C66BC00021F34 /* ObjPriceInfo.m */; };
		55196940144C66BE00021F34 /* ObjText.m in Sources */ = {isa = PBXBuildFile; fileRef = 5519693F144C66BE00021F34 /* ObjText.m */; };
		55196943144C66BF00021F34 /* Price.m in Sources */ = {isa = PBXBuildFile; fileRef = 55196942144C66BF00021F34 /* Price.m */; };
		55196946144C66C000021F34 /* ScaledImage.m in Sources */ = {isa = PBXBuildFile; fileRef = 55196945144C66C000021F34 /* ScaledImage.m */; };
		551D58E11447110C000F0E97 /* ApartmentModel.xcdatamodeld in Sources */ = {isa = PBXBuildFile; fileRef = 551D58DF1447110C000F0E97 /* ApartmentModel.xcdatamodeld */; };
		554F7CAF1446EE7F00F9C24D /* AbstractParser.m in Sources */ = {isa = PBXBuildFile; fileRef = 554F7C8D1446EE7F00F9C24D /* AbstractParser.m */; };
		554F7CB11446EE7F00F9C24D /* AvailabilityInfo2Parser.m in Sources */ = {isa = PBXBuildFile; fileRef = 554F7C911446EE7F00F9C24D /* AvailabilityInfo2Parser.m */; };
		554F7CB51446EE7F00F9C24D /* ObjInfo2Parser.m in Sources */ = {isa = PBXBuildFile; fileRef = 554F7C981446EE7F00F9C24D /* ObjInfo2Parser.m */; };
		554F7CB71446EE7F00F9C24D /* ObjPictureParser.m in Sources */ = {isa = PBXBuildFile; fileRef = 554F7C9C1446EE7F00F9C24D /* ObjPictureParser.m */; };
		554F7CB91446EE7F00F9C24D /* ObjPriceInfoParser.m in Sources */ = {isa = PBXBuildFile; fileRef = 554F7CA01446EE7F00F9C24D /* ObjPriceInfoParser.m */; };
		554F7CBB1446EE7F00F9C24D /* ObjTextParser.m in Sources */ = {isa = PBXBuildFile; fileRef = 554F7CA41446EE7F00F9C24D /* ObjTextParser.m */; };
		554F7CBD1446EE7F00F9C24D /* Queries.m in Sources */ = {isa = PBXBuildFile; fileRef = 554F7CA81446EE7F00F9C24D /* Queries.m */; };
		554F7CBF1446EE7F00F9C24D /* StringConsts.m in Sources */ = {isa = PBXBuildFile; fileRef = 554F7CAC1446EE7F00F9C24D /* StringConsts.m */; };
		554F7CC01446EE7F00F9C24D /* Utils.m in Sources */ = {isa = PBXBuildFile; fileRef = 554F7CAE1446EE7F00F9C24D /* Utils.m */; };
		554F7CCF1446F70C00F9C24D /* ImageIO.framework in Frameworks */ = {isa = PBXBuildFile; fileRef = 554F7CCE1446F70C00F9C24D /* ImageIO.framework */; };
		559A78421448839F009754FC /* libdispatch.dylib in Frameworks */ = {isa = PBXBuildFile; fileRef = 559A78411448839F009754FC /* libdispatch.dylib */; };
		55D47FC81434A06600AB6A5C /* CoreData.framework in Frameworks */ = {isa = PBXBuildFile; fileRef = 55D47FC71434A06600AB6A5C /* CoreData.framework */; };
		55DE6227144F039A00C90EA4 /* KeyValueData.m in Sources */ = {isa = PBXBuildFile; fileRef = 55DE6226144F039900C90EA4 /* KeyValueData.m */; };
		55DE623214504B7500C90EA4 /* ObjPicture.m in Sources */ = {isa = PBXBuildFile; fileRef = 55DE623114504B7500C90EA4 /* ObjPicture.m */; };
		7D0CD7731427900A00E9F0FD /* CoreLocation.framework in Frameworks */ = {isa = PBXBuildFile; fileRef = 7D0CD7721427900A00E9F0FD /* CoreLocation.framework */; };
		7D0CD7751427901300E9F0FD /* MapKit.framework in Frameworks */ = {isa = PBXBuildFile; fileRef = 7D0CD7741427901300E9F0FD /* MapKit.framework */; };
		8BEF8B36135A238D003FED72 /* EnhancedSplitViewController.m in Sources */ = {isa = PBXBuildFile; fileRef = 8BEF8B35135A238D003FED72 /* EnhancedSplitViewController.m */; };
		8F0DFC5B143C76720079589F /* OrteAuswahlPopUp.xib in Resources */ = {isa = PBXBuildFile; fileRef = 8F0DFC5A143C76720079589F /* OrteAuswahlPopUp.xib */; };
		8F0DFC5D143C85210079589F /* OrteView.xib in Resources */ = {isa = PBXBuildFile; fileRef = 8F0DFC5C143C85210079589F /* OrteView.xib */; };
		8F17A8AB1450195200C4F72E /* SuchergebnisseHausDetail.m in Sources */ = {isa = PBXBuildFile; fileRef = 8F17A8A91450195200C4F72E /* SuchergebnisseHausDetail.m */; };
		8F17A8AC1450195200C4F72E /* SuchergebnisseHausDetail.xib in Resources */ = {isa = PBXBuildFile; fileRef = 8F17A8AA1450195200C4F72E /* SuchergebnisseHausDetail.xib */; };
		8F190DE7144593820089F277 /* DomizileFirstDetailViewController.m in Sources */ = {isa = PBXBuildFile; fileRef = 8F190DE6144593820089F277 /* DomizileFirstDetailViewController.m */; };
		8F368DF7144341A6000A35C4 /* DomizileFirstDetailViewController.xib in Resources */ = {isa = PBXBuildFile; fileRef = 8F368DF6144341A6000A35C4 /* DomizileFirstDetailViewController.xib */; };
		8F4264801430D19200CA5340 /* DomizilCell.xib in Resources */ = {isa = PBXBuildFile; fileRef = 8F42647F1430D19200CA5340 /* DomizilCell.xib */; };
		8F7DD0F91445A8BC00AC6A11 /* ButtonsPopUpViewController.m in Sources */ = {isa = PBXBuildFile; fileRef = 8F7DD0F71445A8BC00AC6A11 /* ButtonsPopUpViewController.m */; };
		8F7DD0FA1445A8BC00AC6A11 /* ButtonsPopUpViewController.xib in Resources */ = {isa = PBXBuildFile; fileRef = 8F7DD0F81445A8BC00AC6A11 /* ButtonsPopUpViewController.xib */; };
		8F879E15143C5983002BD6C9 /* DomizileFourthDetailViewController.xib in Resources */ = {isa = PBXBuildFile; fileRef = 8F879E14143C5983002BD6C9 /* DomizileFourthDetailViewController.xib */; };
		8F879E17143C5BD5002BD6C9 /* DomizileSecondDetailViewController.xib in Resources */ = {isa = PBXBuildFile; fileRef = 8F879E16143C5BD5002BD6C9 /* DomizileSecondDetailViewController.xib */; };
		8F9537801431D37C009B183B /* DomizileFourthDetailViewController.m in Sources */ = {isa = PBXBuildFile; fileRef = 8F95377B1431D37C009B183B /* DomizileFourthDetailViewController.m */; };
		8F9537821431D37C009B183B /* DomizileThirdDetailViewController.m in Sources */ = {isa = PBXBuildFile; fileRef = 8F95377E1431D37C009B183B /* DomizileThirdDetailViewController.m */; };
		8F9537E014320EE6009B183B /* ShuttleServiceDetailViewControllerMaserati.m in Sources */ = {isa = PBXBuildFile; fileRef = 8F9537DE14320EE5009B183B /* ShuttleServiceDetailViewControllerMaserati.m */; };
		8F9537E114320EE6009B183B /* ShuttleServiceDetailViewControllerMaserati.xib in Resources */ = {isa = PBXBuildFile; fileRef = 8F9537DF14320EE5009B183B /* ShuttleServiceDetailViewControllerMaserati.xib */; };
		8F9537E414320F1F009B183B /* ShuttleServiceRootViewController.m in Sources */ = {isa = PBXBuildFile; fileRef = 8F9537E314320F1E009B183B /* ShuttleServiceRootViewController.m */; };
		8F9537EB143219FC009B183B /* ShuttleServiceDetailViewControllerAstonMartin.m in Sources */ = {isa = PBXBuildFile; fileRef = 8F9537E9143219FA009B183B /* ShuttleServiceDetailViewControllerAstonMartin.m */; };
		8F9537EC143219FC009B183B /* ShuttleServiceDetailViewControllerAstonMartin.xib in Resources */ = {isa = PBXBuildFile; fileRef = 8F9537EA143219FB009B183B /* ShuttleServiceDetailViewControllerAstonMartin.xib */; };
		8F9586FB1446EC0D00508C2D /* Home.xib in Resources */ = {isa = PBXBuildFile; fileRef = 8F9586FA1446EC0D00508C2D /* Home.xib */; };
		8F958700144711E500508C2D /* pig.png in Resources */ = {isa = PBXBuildFile; fileRef = 8F9586FF144711E400508C2D /* pig.png */; };
		8F96715E143DE2870041C197 /* CalendarPopUpViewController.m in Sources */ = {isa = PBXBuildFile; fileRef = 8F96715D143DE2870041C197 /* CalendarPopUpViewController.m */; };
		8F967160143DE5070041C197 /* CalenderPopUpViewController.xib in Resources */ = {isa = PBXBuildFile; fileRef = 8F96715F143DE5070041C197 /* CalenderPopUpViewController.xib */; };
		8F9850E6143C6B7D00E12D25 /* SearchPopUpViewController.m in Sources */ = {isa = PBXBuildFile; fileRef = 8F9850E5143C6B7D00E12D25 /* SearchPopUpViewController.m */; };
		8F9850E8143C6C5400E12D25 /* WetterOrtePopUpView.xib in Resources */ = {isa = PBXBuildFile; fileRef = 8F9850E7143C6C5400E12D25 /* WetterOrtePopUpView.xib */; };
		8F9850EA143C707300E12D25 /* WetterSearchPopUpViewController.xib in Resources */ = {isa = PBXBuildFile; fileRef = 8F9850E9143C707300E12D25 /* WetterSearchPopUpViewController.xib */; };
		8FA5FC2C143CAEE700743200 /* NSDate+TKCategory.m in Sources */ = {isa = PBXBuildFile; fileRef = 8FA5FC1E143CAEE700743200 /* NSDate+TKCategory.m */; };
		8FA5FC2D143CAEE700743200 /* TapkuLibrary.bundle in Resources */ = {isa = PBXBuildFile; fileRef = 8FA5FC1F143CAEE700743200 /* TapkuLibrary.bundle */; };
		8FA5FC2E143CAEE700743200 /* TKCalendarMonthTableViewController.m in Sources */ = {isa = PBXBuildFile; fileRef = 8FA5FC21143CAEE700743200 /* TKCalendarMonthTableViewController.m */; };
		8FA5FC2F143CAEE700743200 /* TKCalendarMonthView.m in Sources */ = {isa = PBXBuildFile; fileRef = 8FA5FC23143CAEE700743200 /* TKCalendarMonthView.m */; };
		8FA5FC30143CAEE700743200 /* TKCalendarMonthViewController.m in Sources */ = {isa = PBXBuildFile; fileRef = 8FA5FC25143CAEE700743200 /* TKCalendarMonthViewController.m */; };
		8FA5FC31143CAEE700743200 /* TKGlobal.m in Sources */ = {isa = PBXBuildFile; fileRef = 8FA5FC27143CAEE700743200 /* TKGlobal.m */; };
		8FA5FC32143CAEE700743200 /* UIImage+TKCategory.m in Sources */ = {isa = PBXBuildFile; fileRef = 8FA5FC29143CAEE700743200 /* UIImage+TKCategory.m */; };
		8FA5FC33143CAEE700743200 /* UIView+TKCategory.m in Sources */ = {isa = PBXBuildFile; fileRef = 8FA5FC2B143CAEE700743200 /* UIView+TKCategory.m */; };
		8FA8699C1445C3C1008AC064 /* SortierenNachPopOver.m in Sources */ = {isa = PBXBuildFile; fileRef = 8FA8699A1445C3C1008AC064 /* SortierenNachPopOver.m */; };
		8FA8699D1445C3C1008AC064 /* SortierenNachPopOver.xib in Resources */ = {isa = PBXBuildFile; fileRef = 8FA8699B1445C3C1008AC064 /* SortierenNachPopOver.xib */; };
		8FA869A21445CC34008AC064 /* SuchergebnisseKarte.m in Sources */ = {isa = PBXBuildFile; fileRef = 8FA869A01445CC33008AC064 /* SuchergebnisseKarte.m */; };
		8FA869A31445CC34008AC064 /* SuchergebnisseKarte.xib in Resources */ = {isa = PBXBuildFile; fileRef = 8FA869A11445CC34008AC064 /* SuchergebnisseKarte.xib */; };
		8FBC59E6143B448500529E5D /* WetterViewController.m in Sources */ = {isa = PBXBuildFile; fileRef = 8FBC59E4143B448500529E5D /* WetterViewController.m */; };
		8FBC59E7143B448500529E5D /* WetterViewController.xib in Resources */ = {isa = PBXBuildFile; fileRef = 8FBC59E5143B448500529E5D /* WetterViewController.xib */; };
		8FBC59EC143B498100529E5D /* KontaktViewController.m in Sources */ = {isa = PBXBuildFile; fileRef = 8FBC59EA143B498100529E5D /* KontaktViewController.m */; };
		8FBC59ED143B498100529E5D /* KontaktViewController.xib in Resources */ = {isa = PBXBuildFile; fileRef = 8FBC59EB143B498100529E5D /* KontaktViewController.xib */; };
		8FD448ED143B283F004887B6 /* NewsRootViewController.m in Sources */ = {isa = PBXBuildFile; fileRef = 8FD448EC143B283E004887B6 /* NewsRootViewController.m */; };
		8FD448F1143B2903004887B6 /* NewsDetailView.m in Sources */ = {isa = PBXBuildFile; fileRef = 8FD448EF143B2902004887B6 /* NewsDetailView.m */; };
		8FD448F2143B2903004887B6 /* NewsDetailView.xib in Resources */ = {isa = PBXBuildFile; fileRef = 8FD448F0143B2902004887B6 /* NewsDetailView.xib */; };
		8FDF03C3143C51CD002985FE /* DomizileThirdDetailViewController.xib in Resources */ = {isa = PBXBuildFile; fileRef = 8FDF03C2143C51CD002985FE /* DomizileThirdDetailViewController.xib */; };
		8FEBA389142A15D7008F1A68 /* DomizileRootViewController.m in Sources */ = {isa = PBXBuildFile; fileRef = 8FEBA388142A15D7008F1A68 /* DomizileRootViewController.m */; };
		8FEBA392142A1807008F1A68 /* DomizileSecondDetailViewController.m in Sources */ = {isa = PBXBuildFile; fileRef = 8FEBA390142A1806008F1A68 /* DomizileSecondDetailViewController.m */; };
		8FF71620143B06D0005ADEDF /* MonatEventDetailView.m in Sources */ = {isa = PBXBuildFile; fileRef = 8FF7161E143B06CF005ADEDF /* MonatEventDetailView.m */; };
		8FF71621143B06D0005ADEDF /* MonatEventDetailView.xib in Resources */ = {isa = PBXBuildFile; fileRef = 8FF7161F143B06CF005ADEDF /* MonatEventDetailView.xib */; };
		8FF71627143B09B3005ADEDF /* EventRootViewController.m in Sources */ = {isa = PBXBuildFile; fileRef = 8FF71626143B09B3005ADEDF /* EventRootViewController.m */; };
/* End PBXBuildFile section */

/* Begin PBXFileReference section */
		1D30AB110D05D00D00671497 /* Foundation.framework */ = {isa = PBXFileReference; lastKnownFileType = wrapper.framework; name = Foundation.framework; path = System/Library/Frameworks/Foundation.framework; sourceTree = SDKROOT; };
		1D3623240D0F684500981E51 /* TabBarWithSplitViewAppDelegate.h */ = {isa = PBXFileReference; fileEncoding = 4; lastKnownFileType = sourcecode.c.h; path = TabBarWithSplitViewAppDelegate.h; sourceTree = "<group>"; };
		1D3623250D0F684500981E51 /* TabBarWithSplitViewAppDelegate.m */ = {isa = PBXFileReference; fileEncoding = 4; lastKnownFileType = sourcecode.c.objc; path = TabBarWithSplitViewAppDelegate.m; sourceTree = "<group>"; };
		1D6058910D05DD3D006BFB54 /* TabBarWithSplitView.app */ = {isa = PBXFileReference; explicitFileType = wrapper.application; includeInIndex = 0; path = TabBarWithSplitView.app; sourceTree = BUILT_PRODUCTS_DIR; };
		1DF5F4DF0D08C38300B7A737 /* UIKit.framework */ = {isa = PBXFileReference; lastKnownFileType = wrapper.framework; name = UIKit.framework; path = System/Library/Frameworks/UIKit.framework; sourceTree = SDKROOT; };
		28216C950DB411BC00E5133A /* Orte.h */ = {isa = PBXFileReference; fileEncoding = 4; lastKnownFileType = sourcecode.c.h; path = Orte.h; sourceTree = "<group>"; };
		28216C960DB411BC00E5133A /* Orte.m */ = {isa = PBXFileReference; fileEncoding = 4; lastKnownFileType = sourcecode.c.objc; path = Orte.m; sourceTree = "<group>"; };
		284F763F10B34E8A00D7BA5B /* Home.h */ = {isa = PBXFileReference; fileEncoding = 4; lastKnownFileType = sourcecode.c.h; path = Home.h; sourceTree = "<group>"; };
		284F764010B34E8A00D7BA5B /* Home.m */ = {isa = PBXFileReference; fileEncoding = 4; lastKnownFileType = sourcecode.c.objc; path = Home.m; sourceTree = "<group>"; };
		288765070DF74369002DB57D /* CoreGraphics.framework */ = {isa = PBXFileReference; lastKnownFileType = wrapper.framework; name = CoreGraphics.framework; path = System/Library/Frameworks/CoreGraphics.framework; sourceTree = SDKROOT; };
		28A0AB4B0D9B1048005BE974 /* TabBarWithSplitView_Prefix.pch */ = {isa = PBXFileReference; fileEncoding = 4; lastKnownFileType = sourcecode.c.h; path = TabBarWithSplitView_Prefix.pch; sourceTree = "<group>"; };
		28AD73870D9D96C1002E5188 /* MainWindow.xib */ = {isa = PBXFileReference; lastKnownFileType = file.xib; path = MainWindow.xib; sourceTree = "<group>"; };
		29B97316FDCFA39411CA2CEA /* main.m */ = {isa = PBXFileReference; fileEncoding = 4; lastKnownFileType = sourcecode.c.objc; path = main.m; sourceTree = "<group>"; };
		5519692F144C66B500021F34 /* AvailabilityInfo2.h */ = {isa = PBXFileReference; fileEncoding = 4; lastKnownFileType = sourcecode.c.h; name = AvailabilityInfo2.h; path = CoreData/AvailabilityInfo2.h; sourceTree = "<group>"; usesTabs = 1; };
		55196930144C66B600021F34 /* AvailabilityInfo2.m */ = {isa = PBXFileReference; fileEncoding = 4; lastKnownFileType = sourcecode.c.objc; name = AvailabilityInfo2.m; path = CoreData/AvailabilityInfo2.m; sourceTree = "<group>"; usesTabs = 1; };
		55196935144C66B900021F34 /* ObjAttribute.h */ = {isa = PBXFileReference; fileEncoding = 4; lastKnownFileType = sourcecode.c.h; name = ObjAttribute.h; path = CoreData/ObjAttribute.h; sourceTree = "<group>"; usesTabs = 1; };
		55196936144C66BA00021F34 /* ObjAttribute.m */ = {isa = PBXFileReference; fileEncoding = 4; lastKnownFileType = sourcecode.c.objc; name = ObjAttribute.m; path = CoreData/ObjAttribute.m; sourceTree = "<group>"; usesTabs = 1; };
		55196938144C66BB00021F34 /* ObjInfo2.h */ = {isa = PBXFileReference; fileEncoding = 4; lastKnownFileType = sourcecode.c.h; name = ObjInfo2.h; path = CoreData/ObjInfo2.h; sourceTree = "<group>"; usesTabs = 1; };
		55196939144C66BB00021F34 /* ObjInfo2.m */ = {isa = PBXFileReference; fileEncoding = 4; lastKnownFileType = sourcecode.c.objc; name = ObjInfo2.m; path = CoreData/ObjInfo2.m; sourceTree = "<group>"; usesTabs = 1; };
		5519693B144C66BC00021F34 /* ObjPriceInfo.h */ = {isa = PBXFileReference; fileEncoding = 4; lastKnownFileType = sourcecode.c.h; name = ObjPriceInfo.h; path = CoreData/ObjPriceInfo.h; sourceTree = "<group>"; usesTabs = 1; };
		5519693C144C66BC00021F34 /* ObjPriceInfo.m */ = {isa = PBXFileReference; fileEncoding = 4; lastKnownFileType = sourcecode.c.objc; name = ObjPriceInfo.m; path = CoreData/ObjPriceInfo.m; sourceTree = "<group>"; usesTabs = 1; };
		5519693E144C66BD00021F34 /* ObjText.h */ = {isa = PBXFileReference; fileEncoding = 4; lastKnownFileType = sourcecode.c.h; name = ObjText.h; path = CoreData/ObjText.h; sourceTree = "<group>"; usesTabs = 1; };
		5519693F144C66BE00021F34 /* ObjText.m */ = {isa = PBXFileReference; fileEncoding = 4; lastKnownFileType = sourcecode.c.objc; name = ObjText.m; path = CoreData/ObjText.m; sourceTree = "<group>"; usesTabs = 1; };
		55196941144C66BE00021F34 /* Price.h */ = {isa = PBXFileReference; fileEncoding = 4; lastKnownFileType = sourcecode.c.h; name = Price.h; path = CoreData/Price.h; sourceTree = "<group>"; usesTabs = 1; };
		55196942144C66BF00021F34 /* Price.m */ = {isa = PBXFileReference; fileEncoding = 4; lastKnownFileType = sourcecode.c.objc; name = Price.m; path = CoreData/Price.m; sourceTree = "<group>"; usesTabs = 1; };
		55196944144C66C000021F34 /* ScaledImage.h */ = {isa = PBXFileReference; fileEncoding = 4; lastKnownFileType = sourcecode.c.h; name = ScaledImage.h; path = CoreData/ScaledImage.h; sourceTree = "<group>"; usesTabs = 1; };
		55196945144C66C000021F34 /* ScaledImage.m */ = {isa = PBXFileReference; fileEncoding = 4; lastKnownFileType = sourcecode.c.objc; name = ScaledImage.m; path = CoreData/ScaledImage.m; sourceTree = "<group>"; usesTabs = 1; };
		551D58E01447110C000F0E97 /* ApartmentModel.xcdatamodel */ = {isa = PBXFileReference; lastKnownFileType = wrapper.xcdatamodel; path = ApartmentModel.xcdatamodel; sourceTree = "<group>"; };
		554F7C8C1446EE7F00F9C24D /* AbstractParser.h */ = {isa = PBXFileReference; fileEncoding = 4; lastKnownFileType = sourcecode.c.h; name = AbstractParser.h; path = CoreData/AbstractParser.h; sourceTree = "<group>"; usesTabs = 1; };
		554F7C8D1446EE7F00F9C24D /* AbstractParser.m */ = {isa = PBXFileReference; fileEncoding = 4; lastKnownFileType = sourcecode.c.objc; name = AbstractParser.m; path = CoreData/AbstractParser.m; sourceTree = "<group>"; usesTabs = 1; };
		554F7C901446EE7F00F9C24D /* AvailabilityInfo2Parser.h */ = {isa = PBXFileReference; fileEncoding = 4; lastKnownFileType = sourcecode.c.h; name = AvailabilityInfo2Parser.h; path = CoreData/AvailabilityInfo2Parser.h; sourceTree = "<group>"; usesTabs = 1; };
		554F7C911446EE7F00F9C24D /* AvailabilityInfo2Parser.m */ = {isa = PBXFileReference; fileEncoding = 4; lastKnownFileType = sourcecode.c.objc; name = AvailabilityInfo2Parser.m; path = CoreData/AvailabilityInfo2Parser.m; sourceTree = "<group>"; usesTabs = 1; };
		554F7C971446EE7F00F9C24D /* ObjInfo2Parser.h */ = {isa = PBXFileReference; fileEncoding = 4; lastKnownFileType = sourcecode.c.h; name = ObjInfo2Parser.h; path = CoreData/ObjInfo2Parser.h; sourceTree = "<group>"; usesTabs = 1; };
		554F7C981446EE7F00F9C24D /* ObjInfo2Parser.m */ = {isa = PBXFileReference; fileEncoding = 4; lastKnownFileType = sourcecode.c.objc; name = ObjInfo2Parser.m; path = CoreData/ObjInfo2Parser.m; sourceTree = "<group>"; usesTabs = 1; };
		554F7C9B1446EE7F00F9C24D /* ObjPictureParser.h */ = {isa = PBXFileReference; fileEncoding = 4; lastKnownFileType = sourcecode.c.h; name = ObjPictureParser.h; path = CoreData/ObjPictureParser.h; sourceTree = "<group>"; usesTabs = 1; };
		554F7C9C1446EE7F00F9C24D /* ObjPictureParser.m */ = {isa = PBXFileReference; fileEncoding = 4; lastKnownFileType = sourcecode.c.objc; name = ObjPictureParser.m; path = CoreData/ObjPictureParser.m; sourceTree = "<group>"; usesTabs = 1; };
		554F7C9F1446EE7F00F9C24D /* ObjPriceInfoParser.h */ = {isa = PBXFileReference; fileEncoding = 4; lastKnownFileType = sourcecode.c.h; name = ObjPriceInfoParser.h; path = CoreData/ObjPriceInfoParser.h; sourceTree = "<group>"; usesTabs = 1; };
		554F7CA01446EE7F00F9C24D /* ObjPriceInfoParser.m */ = {isa = PBXFileReference; fileEncoding = 4; lastKnownFileType = sourcecode.c.objc; name = ObjPriceInfoParser.m; path = CoreData/ObjPriceInfoParser.m; sourceTree = "<group>"; usesTabs = 1; };
		554F7CA31446EE7F00F9C24D /* ObjTextParser.h */ = {isa = PBXFileReference; fileEncoding = 4; lastKnownFileType = sourcecode.c.h; name = ObjTextParser.h; path = CoreData/ObjTextParser.h; sourceTree = "<group>"; usesTabs = 1; };
		554F7CA41446EE7F00F9C24D /* ObjTextParser.m */ = {isa = PBXFileReference; fileEncoding = 4; lastKnownFileType = sourcecode.c.objc; name = ObjTextParser.m; path = CoreData/ObjTextParser.m; sourceTree = "<group>"; usesTabs = 1; };
		554F7CA71446EE7F00F9C24D /* Queries.h */ = {isa = PBXFileReference; fileEncoding = 4; lastKnownFileType = sourcecode.c.h; name = Queries.h; path = CoreData/Queries.h; sourceTree = "<group>"; usesTabs = 1; };
		554F7CA81446EE7F00F9C24D /* Queries.m */ = {isa = PBXFileReference; fileEncoding = 4; lastKnownFileType = sourcecode.c.objc; name = Queries.m; path = CoreData/Queries.m; sourceTree = "<group>"; usesTabs = 1; };
		554F7CAB1446EE7F00F9C24D /* StringConsts.h */ = {isa = PBXFileReference; fileEncoding = 4; lastKnownFileType = sourcecode.c.h; name = StringConsts.h; path = CoreData/StringConsts.h; sourceTree = "<group>"; usesTabs = 1; };
		554F7CAC1446EE7F00F9C24D /* StringConsts.m */ = {isa = PBXFileReference; fileEncoding = 4; lastKnownFileType = sourcecode.c.objc; name = StringConsts.m; path = CoreData/StringConsts.m; sourceTree = "<group>"; usesTabs = 1; };
		554F7CAD1446EE7F00F9C24D /* Utils.h */ = {isa = PBXFileReference; fileEncoding = 4; lastKnownFileType = sourcecode.c.h; name = Utils.h; path = CoreData/Utils.h; sourceTree = "<group>"; usesTabs = 1; };
		554F7CAE1446EE7F00F9C24D /* Utils.m */ = {isa = PBXFileReference; fileEncoding = 4; lastKnownFileType = sourcecode.c.objc; name = Utils.m; path = CoreData/Utils.m; sourceTree = "<group>"; usesTabs = 1; };
		554F7CCE1446F70C00F9C24D /* ImageIO.framework */ = {isa = PBXFileReference; lastKnownFileType = wrapper.framework; name = ImageIO.framework; path = System/Library/Frameworks/ImageIO.framework; sourceTree = SDKROOT; };
		559A78411448839F009754FC /* libdispatch.dylib */ = {isa = PBXFileReference; lastKnownFileType = "compiled.mach-o.dylib"; name = libdispatch.dylib; path = usr/lib/system/libdispatch.dylib; sourceTree = SDKROOT; };
		55D47FC71434A06600AB6A5C /* CoreData.framework */ = {isa = PBXFileReference; lastKnownFileType = wrapper.framework; name = CoreData.framework; path = System/Library/Frameworks/CoreData.framework; sourceTree = SDKROOT; };
		55DE6225144F039900C90EA4 /* KeyValueData.h */ = {isa = PBXFileReference; fileEncoding = 4; lastKnownFileType = sourcecode.c.h; name = KeyValueData.h; path = CoreData/KeyValueData.h; sourceTree = "<group>"; };
		55DE6226144F039900C90EA4 /* KeyValueData.m */ = {isa = PBXFileReference; fileEncoding = 4; lastKnownFileType = sourcecode.c.objc; name = KeyValueData.m; path = CoreData/KeyValueData.m; sourceTree = "<group>"; };
		55DE623014504B7500C90EA4 /* ObjPicture.h */ = {isa = PBXFileReference; fileEncoding = 4; lastKnownFileType = sourcecode.c.h; name = ObjPicture.h; path = CoreData/ObjPicture.h; sourceTree = "<group>"; };
		55DE623114504B7500C90EA4 /* ObjPicture.m */ = {isa = PBXFileReference; fileEncoding = 4; lastKnownFileType = sourcecode.c.objc; name = ObjPicture.m; path = CoreData/ObjPicture.m; sourceTree = "<group>"; };
		7D0CD7721427900A00E9F0FD /* CoreLocation.framework */ = {isa = PBXFileReference; lastKnownFileType = wrapper.framework; name = CoreLocation.framework; path = System/Library/Frameworks/CoreLocation.framework; sourceTree = SDKROOT; };
		7D0CD7741427901300E9F0FD /* MapKit.framework */ = {isa = PBXFileReference; lastKnownFileType = wrapper.framework; name = MapKit.framework; path = System/Library/Frameworks/MapKit.framework; sourceTree = SDKROOT; };
		8BEF8B34135A238D003FED72 /* EnhancedSplitViewController.h */ = {isa = PBXFileReference; fileEncoding = 4; lastKnownFileType = sourcecode.c.h; path = EnhancedSplitViewController.h; sourceTree = "<group>"; };
		8BEF8B35135A238D003FED72 /* EnhancedSplitViewController.m */ = {isa = PBXFileReference; fileEncoding = 4; lastKnownFileType = sourcecode.c.objc; path = EnhancedSplitViewController.m; sourceTree = "<group>"; };
		8D1107310486CEB800E47090 /* TabBarWithSplitView-Info.plist */ = {isa = PBXFileReference; fileEncoding = 4; lastKnownFileType = text.plist.xml; path = "TabBarWithSplitView-Info.plist"; plistStructureDefinitionIdentifier = "com.apple.xcode.plist.structure-definition.iphone.info-plist"; sourceTree = "<group>"; };
		8F0DFC5A143C76720079589F /* OrteAuswahlPopUp.xib */ = {isa = PBXFileReference; fileEncoding = 4; lastKnownFileType = file.xib; path = OrteAuswahlPopUp.xib; sourceTree = "<group>"; };
		8F0DFC5C143C85210079589F /* OrteView.xib */ = {isa = PBXFileReference; fileEncoding = 4; lastKnownFileType = file.xib; path = OrteView.xib; sourceTree = "<group>"; };
		8F17A8A81450195200C4F72E /* SuchergebnisseHausDetail.h */ = {isa = PBXFileReference; fileEncoding = 4; lastKnownFileType = sourcecode.c.h; path = SuchergebnisseHausDetail.h; sourceTree = SOURCE_ROOT; };
		8F17A8A91450195200C4F72E /* SuchergebnisseHausDetail.m */ = {isa = PBXFileReference; fileEncoding = 4; lastKnownFileType = sourcecode.c.objc; path = SuchergebnisseHausDetail.m; sourceTree = SOURCE_ROOT; };
		8F17A8AA1450195200C4F72E /* SuchergebnisseHausDetail.xib */ = {isa = PBXFileReference; fileEncoding = 4; lastKnownFileType = file.xib; path = SuchergebnisseHausDetail.xib; sourceTree = SOURCE_ROOT; };
		8F190DE5144593820089F277 /* DomizileFirstDetailViewController.h */ = {isa = PBXFileReference; fileEncoding = 4; lastKnownFileType = sourcecode.c.h; path = DomizileFirstDetailViewController.h; sourceTree = "<group>"; };
		8F190DE6144593820089F277 /* DomizileFirstDetailViewController.m */ = {isa = PBXFileReference; fileEncoding = 4; lastKnownFileType = sourcecode.c.objc; path = DomizileFirstDetailViewController.m; sourceTree = "<group>"; };
		8F368DF6144341A6000A35C4 /* DomizileFirstDetailViewController.xib */ = {isa = PBXFileReference; fileEncoding = 4; lastKnownFileType = file.xib; path = DomizileFirstDetailViewController.xib; sourceTree = "<group>"; };
		8F42647F1430D19200CA5340 /* DomizilCell.xib */ = {isa = PBXFileReference; fileEncoding = 4; lastKnownFileType = file.xib; name = DomizilCell.xib; path = ../DomizilCell.xib; sourceTree = "<group>"; };
		8F7DD0F61445A8BC00AC6A11 /* ButtonsPopUpViewController.h */ = {isa = PBXFileReference; fileEncoding = 4; lastKnownFileType = sourcecode.c.h; path = ButtonsPopUpViewController.h; sourceTree = "<group>"; };
		8F7DD0F71445A8BC00AC6A11 /* ButtonsPopUpViewController.m */ = {isa = PBXFileReference; fileEncoding = 4; lastKnownFileType = sourcecode.c.objc; path = ButtonsPopUpViewController.m; sourceTree = "<group>"; };
		8F7DD0F81445A8BC00AC6A11 /* ButtonsPopUpViewController.xib */ = {isa = PBXFileReference; fileEncoding = 4; lastKnownFileType = file.xib; path = ButtonsPopUpViewController.xib; sourceTree = "<group>"; };
		8F879E14143C5983002BD6C9 /* DomizileFourthDetailViewController.xib */ = {isa = PBXFileReference; fileEncoding = 4; lastKnownFileType = file.xib; name = DomizileFourthDetailViewController.xib; path = ../DomizileFourthDetailViewController.xib; sourceTree = "<group>"; };
		8F879E16143C5BD5002BD6C9 /* DomizileSecondDetailViewController.xib */ = {isa = PBXFileReference; fileEncoding = 4; lastKnownFileType = file.xib; name = DomizileSecondDetailViewController.xib; path = ../DomizileSecondDetailViewController.xib; sourceTree = "<group>"; };
		8F95377A1431D37C009B183B /* DomizileFourthDetailViewController.h */ = {isa = PBXFileReference; fileEncoding = 4; lastKnownFileType = sourcecode.c.h; path = DomizileFourthDetailViewController.h; sourceTree = "<group>"; };
		8F95377B1431D37C009B183B /* DomizileFourthDetailViewController.m */ = {isa = PBXFileReference; fileEncoding = 4; lastKnownFileType = sourcecode.c.objc; path = DomizileFourthDetailViewController.m; sourceTree = "<group>"; };
		8F95377D1431D37C009B183B /* DomizileThirdDetailViewController.h */ = {isa = PBXFileReference; fileEncoding = 4; lastKnownFileType = sourcecode.c.h; path = DomizileThirdDetailViewController.h; sourceTree = "<group>"; };
		8F95377E1431D37C009B183B /* DomizileThirdDetailViewController.m */ = {isa = PBXFileReference; fileEncoding = 4; lastKnownFileType = sourcecode.c.objc; path = DomizileThirdDetailViewController.m; sourceTree = "<group>"; };
		8F9537DD14320EE4009B183B /* ShuttleServiceDetailViewControllerMaserati.h */ = {isa = PBXFileReference; fileEncoding = 4; lastKnownFileType = sourcecode.c.h; path = ShuttleServiceDetailViewControllerMaserati.h; sourceTree = "<group>"; };
		8F9537DE14320EE5009B183B /* ShuttleServiceDetailViewControllerMaserati.m */ = {isa = PBXFileReference; fileEncoding = 4; lastKnownFileType = sourcecode.c.objc; path = ShuttleServiceDetailViewControllerMaserati.m; sourceTree = "<group>"; };
		8F9537DF14320EE5009B183B /* ShuttleServiceDetailViewControllerMaserati.xib */ = {isa = PBXFileReference; fileEncoding = 4; lastKnownFileType = file.xib; path = ShuttleServiceDetailViewControllerMaserati.xib; sourceTree = "<group>"; };
		8F9537E214320F1E009B183B /* ShuttleServiceRootViewController.h */ = {isa = PBXFileReference; fileEncoding = 4; lastKnownFileType = sourcecode.c.h; name = ShuttleServiceRootViewController.h; path = ../ShuttleServiceRootViewController.h; sourceTree = "<group>"; };
		8F9537E314320F1E009B183B /* ShuttleServiceRootViewController.m */ = {isa = PBXFileReference; fileEncoding = 4; lastKnownFileType = sourcecode.c.objc; name = ShuttleServiceRootViewController.m; path = ../ShuttleServiceRootViewController.m; sourceTree = "<group>"; };
		8F9537E8143219FA009B183B /* ShuttleServiceDetailViewControllerAstonMartin.h */ = {isa = PBXFileReference; fileEncoding = 4; lastKnownFileType = sourcecode.c.h; name = ShuttleServiceDetailViewControllerAstonMartin.h; path = ../ShuttleServiceDetailViewControllerAstonMartin.h; sourceTree = "<group>"; };
		8F9537E9143219FA009B183B /* ShuttleServiceDetailViewControllerAstonMartin.m */ = {isa = PBXFileReference; fileEncoding = 4; lastKnownFileType = sourcecode.c.objc; name = ShuttleServiceDetailViewControllerAstonMartin.m; path = ../ShuttleServiceDetailViewControllerAstonMartin.m; sourceTree = "<group>"; };
		8F9537EA143219FB009B183B /* ShuttleServiceDetailViewControllerAstonMartin.xib */ = {isa = PBXFileReference; fileEncoding = 4; lastKnownFileType = file.xib; name = ShuttleServiceDetailViewControllerAstonMartin.xib; path = ../ShuttleServiceDetailViewControllerAstonMartin.xib; sourceTree = "<group>"; };
		8F9586FA1446EC0D00508C2D /* Home.xib */ = {isa = PBXFileReference; fileEncoding = 4; lastKnownFileType = file.xib; path = Home.xib; sourceTree = "<group>"; };
		8F9586FF144711E400508C2D /* pig.png */ = {isa = PBXFileReference; lastKnownFileType = image.png; path = pig.png; sourceTree = SOURCE_ROOT; };
		8F96715C143DE2870041C197 /* CalendarPopUpViewController.h */ = {isa = PBXFileReference; fileEncoding = 4; lastKnownFileType = sourcecode.c.h; path = CalendarPopUpViewController.h; sourceTree = "<group>"; };
		8F96715D143DE2870041C197 /* CalendarPopUpViewController.m */ = {isa = PBXFileReference; fileEncoding = 4; lastKnownFileType = sourcecode.c.objc; path = CalendarPopUpViewController.m; sourceTree = "<group>"; };
		8F96715F143DE5070041C197 /* CalenderPopUpViewController.xib */ = {isa = PBXFileReference; fileEncoding = 4; lastKnownFileType = file.xib; path = CalenderPopUpViewController.xib; sourceTree = "<group>"; };
		8F9850E4143C6B7D00E12D25 /* SearchPopUpViewController.h */ = {isa = PBXFileReference; fileEncoding = 4; lastKnownFileType = sourcecode.c.h; path = SearchPopUpViewController.h; sourceTree = SOURCE_ROOT; };
		8F9850E5143C6B7D00E12D25 /* SearchPopUpViewController.m */ = {isa = PBXFileReference; fileEncoding = 4; lastKnownFileType = sourcecode.c.objc; path = SearchPopUpViewController.m; sourceTree = SOURCE_ROOT; };
		8F9850E7143C6C5400E12D25 /* WetterOrtePopUpView.xib */ = {isa = PBXFileReference; fileEncoding = 4; lastKnownFileType = file.xib; name = WetterOrtePopUpView.xib; path = ../WetterOrtePopUpView.xib; sourceTree = "<group>"; };
		8F9850E9143C707300E12D25 /* WetterSearchPopUpViewController.xib */ = {isa = PBXFileReference; fileEncoding = 4; lastKnownFileType = file.xib; name = WetterSearchPopUpViewController.xib; path = ../WetterSearchPopUpViewController.xib; sourceTree = "<group>"; };
		8FA5FC1D143CAEE700743200 /* NSDate+TKCategory.h */ = {isa = PBXFileReference; fileEncoding = 4; lastKnownFileType = sourcecode.c.h; name = "NSDate+TKCategory.h"; path = "TapkuLibrary/NSDate+TKCategory.h"; sourceTree = SOURCE_ROOT; };
		8FA5FC1E143CAEE700743200 /* NSDate+TKCategory.m */ = {isa = PBXFileReference; fileEncoding = 4; lastKnownFileType = sourcecode.c.objc; name = "NSDate+TKCategory.m"; path = "TapkuLibrary/NSDate+TKCategory.m"; sourceTree = SOURCE_ROOT; };
		8FA5FC1F143CAEE700743200 /* TapkuLibrary.bundle */ = {isa = PBXFileReference; lastKnownFileType = "wrapper.plug-in"; name = TapkuLibrary.bundle; path = TapkuLibrary/TapkuLibrary.bundle; sourceTree = SOURCE_ROOT; };
		8FA5FC20143CAEE700743200 /* TKCalendarMonthTableViewController.h */ = {isa = PBXFileReference; fileEncoding = 4; lastKnownFileType = sourcecode.c.h; name = TKCalendarMonthTableViewController.h; path = TapkuLibrary/TKCalendarMonthTableViewController.h; sourceTree = SOURCE_ROOT; };
		8FA5FC21143CAEE700743200 /* TKCalendarMonthTableViewController.m */ = {isa = PBXFileReference; fileEncoding = 4; lastKnownFileType = sourcecode.c.objc; name = TKCalendarMonthTableViewController.m; path = TapkuLibrary/TKCalendarMonthTableViewController.m; sourceTree = SOURCE_ROOT; };
		8FA5FC22143CAEE700743200 /* TKCalendarMonthView.h */ = {isa = PBXFileReference; fileEncoding = 4; lastKnownFileType = sourcecode.c.h; name = TKCalendarMonthView.h; path = TapkuLibrary/TKCalendarMonthView.h; sourceTree = SOURCE_ROOT; };
		8FA5FC23143CAEE700743200 /* TKCalendarMonthView.m */ = {isa = PBXFileReference; fileEncoding = 4; lastKnownFileType = sourcecode.c.objc; name = TKCalendarMonthView.m; path = TapkuLibrary/TKCalendarMonthView.m; sourceTree = SOURCE_ROOT; };
		8FA5FC24143CAEE700743200 /* TKCalendarMonthViewController.h */ = {isa = PBXFileReference; fileEncoding = 4; lastKnownFileType = sourcecode.c.h; name = TKCalendarMonthViewController.h; path = TapkuLibrary/TKCalendarMonthViewController.h; sourceTree = SOURCE_ROOT; };
		8FA5FC25143CAEE700743200 /* TKCalendarMonthViewController.m */ = {isa = PBXFileReference; fileEncoding = 4; lastKnownFileType = sourcecode.c.objc; name = TKCalendarMonthViewController.m; path = TapkuLibrary/TKCalendarMonthViewController.m; sourceTree = SOURCE_ROOT; };
		8FA5FC26143CAEE700743200 /* TKGlobal.h */ = {isa = PBXFileReference; fileEncoding = 4; lastKnownFileType = sourcecode.c.h; name = TKGlobal.h; path = TapkuLibrary/TKGlobal.h; sourceTree = SOURCE_ROOT; };
		8FA5FC27143CAEE700743200 /* TKGlobal.m */ = {isa = PBXFileReference; fileEncoding = 4; lastKnownFileType = sourcecode.c.objc; name = TKGlobal.m; path = TapkuLibrary/TKGlobal.m; sourceTree = SOURCE_ROOT; };
		8FA5FC28143CAEE700743200 /* UIImage+TKCategory.h */ = {isa = PBXFileReference; fileEncoding = 4; lastKnownFileType = sourcecode.c.h; name = "UIImage+TKCategory.h"; path = "TapkuLibrary/UIImage+TKCategory.h"; sourceTree = SOURCE_ROOT; };
		8FA5FC29143CAEE700743200 /* UIImage+TKCategory.m */ = {isa = PBXFileReference; fileEncoding = 4; lastKnownFileType = sourcecode.c.objc; name = "UIImage+TKCategory.m"; path = "TapkuLibrary/UIImage+TKCategory.m"; sourceTree = SOURCE_ROOT; };
		8FA5FC2A143CAEE700743200 /* UIView+TKCategory.h */ = {isa = PBXFileReference; fileEncoding = 4; lastKnownFileType = sourcecode.c.h; name = "UIView+TKCategory.h"; path = "TapkuLibrary/UIView+TKCategory.h"; sourceTree = SOURCE_ROOT; };
		8FA5FC2B143CAEE700743200 /* UIView+TKCategory.m */ = {isa = PBXFileReference; fileEncoding = 4; lastKnownFileType = sourcecode.c.objc; name = "UIView+TKCategory.m"; path = "TapkuLibrary/UIView+TKCategory.m"; sourceTree = SOURCE_ROOT; };
		8FA869991445C3C1008AC064 /* SortierenNachPopOver.h */ = {isa = PBXFileReference; fileEncoding = 4; lastKnownFileType = sourcecode.c.h; path = SortierenNachPopOver.h; sourceTree = "<group>"; };
		8FA8699A1445C3C1008AC064 /* SortierenNachPopOver.m */ = {isa = PBXFileReference; fileEncoding = 4; lastKnownFileType = sourcecode.c.objc; path = SortierenNachPopOver.m; sourceTree = "<group>"; };
		8FA8699B1445C3C1008AC064 /* SortierenNachPopOver.xib */ = {isa = PBXFileReference; fileEncoding = 4; lastKnownFileType = file.xib; path = SortierenNachPopOver.xib; sourceTree = "<group>"; };
		8FA8699F1445CC33008AC064 /* SuchergebnisseKarte.h */ = {isa = PBXFileReference; fileEncoding = 4; lastKnownFileType = sourcecode.c.h; path = SuchergebnisseKarte.h; sourceTree = "<group>"; };
		8FA869A01445CC33008AC064 /* SuchergebnisseKarte.m */ = {isa = PBXFileReference; fileEncoding = 4; lastKnownFileType = sourcecode.c.objc; path = SuchergebnisseKarte.m; sourceTree = "<group>"; };
		8FA869A11445CC34008AC064 /* SuchergebnisseKarte.xib */ = {isa = PBXFileReference; fileEncoding = 4; lastKnownFileType = file.xib; path = SuchergebnisseKarte.xib; sourceTree = "<group>"; };
		8FBC59E3143B448500529E5D /* WetterViewController.h */ = {isa = PBXFileReference; fileEncoding = 4; lastKnownFileType = sourcecode.c.h; name = WetterViewController.h; path = ../WetterViewController.h; sourceTree = "<group>"; };
		8FBC59E4143B448500529E5D /* WetterViewController.m */ = {isa = PBXFileReference; fileEncoding = 4; lastKnownFileType = sourcecode.c.objc; name = WetterViewController.m; path = ../WetterViewController.m; sourceTree = "<group>"; };
		8FBC59E5143B448500529E5D /* WetterViewController.xib */ = {isa = PBXFileReference; fileEncoding = 4; lastKnownFileType = file.xib; name = WetterViewController.xib; path = ../WetterViewController.xib; sourceTree = "<group>"; };
		8FBC59E9143B498100529E5D /* KontaktViewController.h */ = {isa = PBXFileReference; fileEncoding = 4; lastKnownFileType = sourcecode.c.h; name = KontaktViewController.h; path = ../KontaktViewController.h; sourceTree = "<group>"; };
		8FBC59EA143B498100529E5D /* KontaktViewController.m */ = {isa = PBXFileReference; fileEncoding = 4; lastKnownFileType = sourcecode.c.objc; name = KontaktViewController.m; path = ../KontaktViewController.m; sourceTree = "<group>"; };
		8FBC59EB143B498100529E5D /* KontaktViewController.xib */ = {isa = PBXFileReference; fileEncoding = 4; lastKnownFileType = file.xib; name = KontaktViewController.xib; path = ../KontaktViewController.xib; sourceTree = "<group>"; };
		8FD448EB143B283E004887B6 /* NewsRootViewController.h */ = {isa = PBXFileReference; fileEncoding = 4; lastKnownFileType = sourcecode.c.h; path = NewsRootViewController.h; sourceTree = "<group>"; };
		8FD448EC143B283E004887B6 /* NewsRootViewController.m */ = {isa = PBXFileReference; fileEncoding = 4; lastKnownFileType = sourcecode.c.objc; path = NewsRootViewController.m; sourceTree = "<group>"; };
		8FD448EE143B2902004887B6 /* NewsDetailView.h */ = {isa = PBXFileReference; fileEncoding = 4; lastKnownFileType = sourcecode.c.h; path = NewsDetailView.h; sourceTree = "<group>"; };
		8FD448EF143B2902004887B6 /* NewsDetailView.m */ = {isa = PBXFileReference; fileEncoding = 4; lastKnownFileType = sourcecode.c.objc; path = NewsDetailView.m; sourceTree = "<group>"; };
		8FD448F0143B2902004887B6 /* NewsDetailView.xib */ = {isa = PBXFileReference; fileEncoding = 4; lastKnownFileType = file.xib; path = NewsDetailView.xib; sourceTree = "<group>"; };
		8FDF03C2143C51CD002985FE /* DomizileThirdDetailViewController.xib */ = {isa = PBXFileReference; fileEncoding = 4; lastKnownFileType = file.xib; name = DomizileThirdDetailViewController.xib; path = ../DomizileThirdDetailViewController.xib; sourceTree = "<group>"; };
		8FEBA37E142A10EE008F1A68 /* DomizileRootViewController.h */ = {isa = PBXFileReference; fileEncoding = 4; lastKnownFileType = sourcecode.c.h; path = DomizileRootViewController.h; sourceTree = "<group>"; };
		8FEBA388142A15D7008F1A68 /* DomizileRootViewController.m */ = {isa = PBXFileReference; fileEncoding = 4; lastKnownFileType = sourcecode.c.objc; path = DomizileRootViewController.m; sourceTree = "<group>"; };
		8FEBA38F142A1806008F1A68 /* DomizileSecondDetailViewController.h */ = {isa = PBXFileReference; fileEncoding = 4; lastKnownFileType = sourcecode.c.h; path = DomizileSecondDetailViewController.h; sourceTree = "<group>"; };
		8FEBA390142A1806008F1A68 /* DomizileSecondDetailViewController.m */ = {isa = PBXFileReference; fileEncoding = 4; lastKnownFileType = sourcecode.c.objc; path = DomizileSecondDetailViewController.m; sourceTree = "<group>"; };
		8FF7161D143B06CF005ADEDF /* MonatEventDetailView.h */ = {isa = PBXFileReference; fileEncoding = 4; lastKnownFileType = sourcecode.c.h; path = MonatEventDetailView.h; sourceTree = "<group>"; };
		8FF7161E143B06CF005ADEDF /* MonatEventDetailView.m */ = {isa = PBXFileReference; fileEncoding = 4; lastKnownFileType = sourcecode.c.objc; path = MonatEventDetailView.m; sourceTree = "<group>"; };
		8FF7161F143B06CF005ADEDF /* MonatEventDetailView.xib */ = {isa = PBXFileReference; fileEncoding = 4; lastKnownFileType = file.xib; path = MonatEventDetailView.xib; sourceTree = "<group>"; };
		8FF71625143B09B2005ADEDF /* EventRootViewController.h */ = {isa = PBXFileReference; fileEncoding = 4; lastKnownFileType = sourcecode.c.h; path = EventRootViewController.h; sourceTree = "<group>"; };
		8FF71626143B09B3005ADEDF /* EventRootViewController.m */ = {isa = PBXFileReference; fileEncoding = 4; lastKnownFileType = sourcecode.c.objc; path = EventRootViewController.m; sourceTree = "<group>"; };
/* End PBXFileReference section */

/* Begin PBXFrameworksBuildPhase section */
		1D60588F0D05DD3D006BFB54 /* Frameworks */ = {
			isa = PBXFrameworksBuildPhase;
			buildActionMask = 2147483647;
			files = (
				559A78421448839F009754FC /* libdispatch.dylib in Frameworks */,
				554F7CCF1446F70C00F9C24D /* ImageIO.framework in Frameworks */,
				55D47FC81434A06600AB6A5C /* CoreData.framework in Frameworks */,
				7D0CD7751427901300E9F0FD /* MapKit.framework in Frameworks */,
				7D0CD7731427900A00E9F0FD /* CoreLocation.framework in Frameworks */,
				1D60589F0D05DD5A006BFB54 /* Foundation.framework in Frameworks */,
				1DF5F4E00D08C38300B7A737 /* UIKit.framework in Frameworks */,
				288765080DF74369002DB57D /* CoreGraphics.framework in Frameworks */,
			);
			runOnlyForDeploymentPostprocessing = 0;
		};
/* End PBXFrameworksBuildPhase section */

/* Begin PBXGroup section */
		080E96DDFE201D6D7F000001 /* Classes */ = {
			isa = PBXGroup;
			children = (
				554F7C8A1446EE3500F9C24D /* CoreData */,
				8F0DFCB3143CAE170079589F /* Calendar library */,
				1D3623240D0F684500981E51 /* TabBarWithSplitViewAppDelegate.h */,
				1D3623250D0F684500981E51 /* TabBarWithSplitViewAppDelegate.m */,
				8BEF8B34135A238D003FED72 /* EnhancedSplitViewController.h */,
				8BEF8B35135A238D003FED72 /* EnhancedSplitViewController.m */,
				8F9850E4143C6B7D00E12D25 /* SearchPopUpViewController.h */,
				8F9850E5143C6B7D00E12D25 /* SearchPopUpViewController.m */,
				8F96715C143DE2870041C197 /* CalendarPopUpViewController.h */,
				8F96715D143DE2870041C197 /* CalendarPopUpViewController.m */,
				8F96715F143DE5070041C197 /* CalenderPopUpViewController.xib */,
				8F7DD0F61445A8BC00AC6A11 /* ButtonsPopUpViewController.h */,
				8F7DD0F71445A8BC00AC6A11 /* ButtonsPopUpViewController.m */,
				8F7DD0F81445A8BC00AC6A11 /* ButtonsPopUpViewController.xib */,
				8FA869991445C3C1008AC064 /* SortierenNachPopOver.h */,
				8FA8699A1445C3C1008AC064 /* SortierenNachPopOver.m */,
				8FA8699B1445C3C1008AC064 /* SortierenNachPopOver.xib */,
				8F0DFC58143C75A60079589F /* Home */,
				8F879E22143C6481002BD6C9 /* Domizile */,
				8F879E23143C6506002BD6C9 /* Orte */,
				8F879E24143C664E002BD6C9 /* Shuttle Service */,
				8F879E25143C6660002BD6C9 /* Event */,
				8F879E26143C666C002BD6C9 /* News */,
				8F0DFC57143C75740079589F /* Wetter */,
				8F0DFC59143C76070079589F /* Kontakt */,
			);
			path = Classes;
			sourceTree = "<group>";
		};
		19C28FACFE9D520D11CA2CBB /* Products */ = {
			isa = PBXGroup;
			children = (
				1D6058910D05DD3D006BFB54 /* TabBarWithSplitView.app */,
			);
			name = Products;
			sourceTree = "<group>";
		};
		29B97314FDCFA39411CA2CEA /* TabBarWithSplitView */ = {
			isa = PBXGroup;
			children = (
				559A78411448839F009754FC /* libdispatch.dylib */,
				080E96DDFE201D6D7F000001 /* Classes */,
				29B97315FDCFA39411CA2CEA /* Other Sources */,
				29B97317FDCFA39411CA2CEA /* Resources */,
				29B97323FDCFA39411CA2CEA /* Frameworks */,
				19C28FACFE9D520D11CA2CBB /* Products */,
			);
			name = TabBarWithSplitView;
			sourceTree = "<group>";
		};
		29B97315FDCFA39411CA2CEA /* Other Sources */ = {
			isa = PBXGroup;
			children = (
				28A0AB4B0D9B1048005BE974 /* TabBarWithSplitView_Prefix.pch */,
				29B97316FDCFA39411CA2CEA /* main.m */,
			);
			name = "Other Sources";
			sourceTree = "<group>";
		};
		29B97317FDCFA39411CA2CEA /* Resources */ = {
			isa = PBXGroup;
			children = (
				8F9586FF144711E400508C2D /* pig.png */,
				28AD73870D9D96C1002E5188 /* MainWindow.xib */,
				8D1107310486CEB800E47090 /* TabBarWithSplitView-Info.plist */,
				551D58DF1447110C000F0E97 /* ApartmentModel.xcdatamodeld */,
			);
			name = Resources;
			sourceTree = "<group>";
		};
		29B97323FDCFA39411CA2CEA /* Frameworks */ = {
			isa = PBXGroup;
			children = (
				554F7CCE1446F70C00F9C24D /* ImageIO.framework */,
				55D47FC71434A06600AB6A5C /* CoreData.framework */,
				7D0CD7741427901300E9F0FD /* MapKit.framework */,
				7D0CD7721427900A00E9F0FD /* CoreLocation.framework */,
				1DF5F4DF0D08C38300B7A737 /* UIKit.framework */,
				1D30AB110D05D00D00671497 /* Foundation.framework */,
				288765070DF74369002DB57D /* CoreGraphics.framework */,
			);
			name = Frameworks;
			sourceTree = "<group>";
		};
		554F7C8A1446EE3500F9C24D /* CoreData */ = {
			isa = PBXGroup;
			children = (
				554F7C8C1446EE7F00F9C24D /* AbstractParser.h */,
				554F7C8D1446EE7F00F9C24D /* AbstractParser.m */,
				554F7C901446EE7F00F9C24D /* AvailabilityInfo2Parser.h */,
				554F7C911446EE7F00F9C24D /* AvailabilityInfo2Parser.m */,
				554F7C971446EE7F00F9C24D /* ObjInfo2Parser.h */,
				554F7C981446EE7F00F9C24D /* ObjInfo2Parser.m */,
				554F7C9B1446EE7F00F9C24D /* ObjPictureParser.h */,
				554F7C9C1446EE7F00F9C24D /* ObjPictureParser.m */,
				554F7C9F1446EE7F00F9C24D /* ObjPriceInfoParser.h */,
				554F7CA01446EE7F00F9C24D /* ObjPriceInfoParser.m */,
				554F7CA31446EE7F00F9C24D /* ObjTextParser.h */,
				554F7CA41446EE7F00F9C24D /* ObjTextParser.m */,
				554F7CA71446EE7F00F9C24D /* Queries.h */,
				554F7CA81446EE7F00F9C24D /* Queries.m */,
				554F7CAB1446EE7F00F9C24D /* StringConsts.h */,
				554F7CAC1446EE7F00F9C24D /* StringConsts.m */,
				554F7CAD1446EE7F00F9C24D /* Utils.h */,
				554F7CAE1446EE7F00F9C24D /* Utils.m */,
				5519692F144C66B500021F34 /* AvailabilityInfo2.h */,
				55196930144C66B600021F34 /* AvailabilityInfo2.m */,
				55196935144C66B900021F34 /* ObjAttribute.h */,
				55196936144C66BA00021F34 /* ObjAttribute.m */,
				55196938144C66BB00021F34 /* ObjInfo2.h */,
				55196939144C66BB00021F34 /* ObjInfo2.m */,
				5519693B144C66BC00021F34 /* ObjPriceInfo.h */,
				5519693C144C66BC00021F34 /* ObjPriceInfo.m */,
				5519693E144C66BD00021F34 /* ObjText.h */,
				5519693F144C66BE00021F34 /* ObjText.m */,
				55196941144C66BE00021F34 /* Price.h */,
				55196942144C66BF00021F34 /* Price.m */,
				55196944144C66C000021F34 /* ScaledImage.h */,
				55196945144C66C000021F34 /* ScaledImage.m */,
				55DE6225144F039900C90EA4 /* KeyValueData.h */,
				55DE6226144F039900C90EA4 /* KeyValueData.m */,
				55DE623014504B7500C90EA4 /* ObjPicture.h */,
				55DE623114504B7500C90EA4 /* ObjPicture.m */,
			);
			name = CoreData;
			sourceTree = "<group>";
		};
		8F0DFC57143C75740079589F /* Wetter */ = {
			isa = PBXGroup;
			children = (
				8FBC59E3143B448500529E5D /* WetterViewController.h */,
				8FBC59E4143B448500529E5D /* WetterViewController.m */,
				8F9850E9143C707300E12D25 /* WetterSearchPopUpViewController.xib */,
				8F9850E7143C6C5400E12D25 /* WetterOrtePopUpView.xib */,
				8FBC59E5143B448500529E5D /* WetterViewController.xib */,
			);
			name = Wetter;
			sourceTree = "<group>";
		};
		8F0DFC58143C75A60079589F /* Home */ = {
			isa = PBXGroup;
			children = (
				284F763F10B34E8A00D7BA5B /* Home.h */,
				284F764010B34E8A00D7BA5B /* Home.m */,
				8F9586FA1446EC0D00508C2D /* Home.xib */,
			);
			name = Home;
			sourceTree = "<group>";
		};
		8F0DFC59143C76070079589F /* Kontakt */ = {
			isa = PBXGroup;
			children = (
				8FBC59E9143B498100529E5D /* KontaktViewController.h */,
				8FBC59EA143B498100529E5D /* KontaktViewController.m */,
				8FBC59EB143B498100529E5D /* KontaktViewController.xib */,
			);
			name = Kontakt;
			sourceTree = "<group>";
		};
		8F0DFCB3143CAE170079589F /* Calendar library */ = {
			isa = PBXGroup;
			children = (
				8FA5FC1D143CAEE700743200 /* NSDate+TKCategory.h */,
				8FA5FC1E143CAEE700743200 /* NSDate+TKCategory.m */,
				8FA5FC1F143CAEE700743200 /* TapkuLibrary.bundle */,
				8FA5FC20143CAEE700743200 /* TKCalendarMonthTableViewController.h */,
				8FA5FC21143CAEE700743200 /* TKCalendarMonthTableViewController.m */,
				8FA5FC22143CAEE700743200 /* TKCalendarMonthView.h */,
				8FA5FC23143CAEE700743200 /* TKCalendarMonthView.m */,
				8FA5FC24143CAEE700743200 /* TKCalendarMonthViewController.h */,
				8FA5FC25143CAEE700743200 /* TKCalendarMonthViewController.m */,
				8FA5FC26143CAEE700743200 /* TKGlobal.h */,
				8FA5FC27143CAEE700743200 /* TKGlobal.m */,
				8FA5FC28143CAEE700743200 /* UIImage+TKCategory.h */,
				8FA5FC29143CAEE700743200 /* UIImage+TKCategory.m */,
				8FA5FC2A143CAEE700743200 /* UIView+TKCategory.h */,
				8FA5FC2B143CAEE700743200 /* UIView+TKCategory.m */,
			);
			name = "Calendar library";
			sourceTree = "<group>";
		};
		8F879E22143C6481002BD6C9 /* Domizile */ = {
			isa = PBXGroup;
			children = (
				8FEBA37E142A10EE008F1A68 /* DomizileRootViewController.h */,
				8FEBA388142A15D7008F1A68 /* DomizileRootViewController.m */,
				8F190DE5144593820089F277 /* DomizileFirstDetailViewController.h */,
				8F190DE6144593820089F277 /* DomizileFirstDetailViewController.m */,
				8FEBA38F142A1806008F1A68 /* DomizileSecondDetailViewController.h */,
				8FEBA390142A1806008F1A68 /* DomizileSecondDetailViewController.m */,
				8F95377D1431D37C009B183B /* DomizileThirdDetailViewController.h */,
				8F95377E1431D37C009B183B /* DomizileThirdDetailViewController.m */,
				8F95377A1431D37C009B183B /* DomizileFourthDetailViewController.h */,
				8F95377B1431D37C009B183B /* DomizileFourthDetailViewController.m */,
				8FA8699F1445CC33008AC064 /* SuchergebnisseKarte.h */,
				8FA869A01445CC33008AC064 /* SuchergebnisseKarte.m */,
				8F17A8A81450195200C4F72E /* SuchergebnisseHausDetail.h */,
				8F17A8A91450195200C4F72E /* SuchergebnisseHausDetail.m */,
				8F17A8AA1450195200C4F72E /* SuchergebnisseHausDetail.xib */,
				8F368DF6144341A6000A35C4 /* DomizileFirstDetailViewController.xib */,
				8F879E16143C5BD5002BD6C9 /* DomizileSecondDetailViewController.xib */,
				8FDF03C2143C51CD002985FE /* DomizileThirdDetailViewController.xib */,
				8F879E14143C5983002BD6C9 /* DomizileFourthDetailViewController.xib */,
				8F42647F1430D19200CA5340 /* DomizilCell.xib */,
				8FA869A11445CC34008AC064 /* SuchergebnisseKarte.xib */,
			);
			name = Domizile;
			sourceTree = "<group>";
		};
		8F879E23143C6506002BD6C9 /* Orte */ = {
			isa = PBXGroup;
			children = (
				28216C950DB411BC00E5133A /* Orte.h */,
				28216C960DB411BC00E5133A /* Orte.m */,
				8F0DFC5C143C85210079589F /* OrteView.xib */,
				8F0DFC5A143C76720079589F /* OrteAuswahlPopUp.xib */,
			);
			name = Orte;
			sourceTree = "<group>";
		};
		8F879E24143C664E002BD6C9 /* Shuttle Service */ = {
			isa = PBXGroup;
			children = (
				8F9537E214320F1E009B183B /* ShuttleServiceRootViewController.h */,
				8F9537E314320F1E009B183B /* ShuttleServiceRootViewController.m */,
				8F9537DD14320EE4009B183B /* ShuttleServiceDetailViewControllerMaserati.h */,
				8F9537DE14320EE5009B183B /* ShuttleServiceDetailViewControllerMaserati.m */,
				8F9537E8143219FA009B183B /* ShuttleServiceDetailViewControllerAstonMartin.h */,
				8F9537E9143219FA009B183B /* ShuttleServiceDetailViewControllerAstonMartin.m */,
				8F9537EA143219FB009B183B /* ShuttleServiceDetailViewControllerAstonMartin.xib */,
				8F9537DF14320EE5009B183B /* ShuttleServiceDetailViewControllerMaserati.xib */,
			);
			name = "Shuttle Service";
			sourceTree = "<group>";
		};
		8F879E25143C6660002BD6C9 /* Event */ = {
			isa = PBXGroup;
			children = (
				8FF71625143B09B2005ADEDF /* EventRootViewController.h */,
				8FF71626143B09B3005ADEDF /* EventRootViewController.m */,
				8FF7161D143B06CF005ADEDF /* MonatEventDetailView.h */,
				8FF7161E143B06CF005ADEDF /* MonatEventDetailView.m */,
				8FF7161F143B06CF005ADEDF /* MonatEventDetailView.xib */,
			);
			name = Event;
			sourceTree = "<group>";
		};
		8F879E26143C666C002BD6C9 /* News */ = {
			isa = PBXGroup;
			children = (
				8FD448EB143B283E004887B6 /* NewsRootViewController.h */,
				8FD448EC143B283E004887B6 /* NewsRootViewController.m */,
				8FD448EE143B2902004887B6 /* NewsDetailView.h */,
				8FD448EF143B2902004887B6 /* NewsDetailView.m */,
				8FD448F0143B2902004887B6 /* NewsDetailView.xib */,
			);
			name = News;
			sourceTree = "<group>";
		};
/* End PBXGroup section */

/* Begin PBXNativeTarget section */
		1D6058900D05DD3D006BFB54 /* TabBarWithSplitView */ = {
			isa = PBXNativeTarget;
			buildConfigurationList = 1D6058960D05DD3E006BFB54 /* Build configuration list for PBXNativeTarget "TabBarWithSplitView" */;
			buildPhases = (
				1D60588D0D05DD3D006BFB54 /* Resources */,
				1D60588E0D05DD3D006BFB54 /* Sources */,
				1D60588F0D05DD3D006BFB54 /* Frameworks */,
			);
			buildRules = (
			);
			dependencies = (
			);
			name = TabBarWithSplitView;
			productName = TabBarWithSplitView;
			productReference = 1D6058910D05DD3D006BFB54 /* TabBarWithSplitView.app */;
			productType = "com.apple.product-type.application";
		};
/* End PBXNativeTarget section */

/* Begin PBXProject section */
		29B97313FDCFA39411CA2CEA /* Project object */ = {
			isa = PBXProject;
			attributes = {
				LastUpgradeCheck = 0420;
			};
			buildConfigurationList = C01FCF4E08A954540054247B /* Build configuration list for PBXProject "TabBarWithSplitView" */;
			compatibilityVersion = "Xcode 3.2";
			developmentRegion = English;
			hasScannedForEncodings = 1;
			knownRegions = (
				English,
				Japanese,
				French,
				German,
				en,
			);
			mainGroup = 29B97314FDCFA39411CA2CEA /* TabBarWithSplitView */;
			projectDirPath = "";
			projectRoot = "";
			targets = (
				1D6058900D05DD3D006BFB54 /* TabBarWithSplitView */,
			);
		};
/* End PBXProject section */

/* Begin PBXResourcesBuildPhase section */
		1D60588D0D05DD3D006BFB54 /* Resources */ = {
			isa = PBXResourcesBuildPhase;
			buildActionMask = 2147483647;
			files = (
				28AD73880D9D96C1002E5188 /* MainWindow.xib in Resources */,
				8F4264801430D19200CA5340 /* DomizilCell.xib in Resources */,
				8F9537E114320EE6009B183B /* ShuttleServiceDetailViewControllerMaserati.xib in Resources */,
				8F9537EC143219FC009B183B /* ShuttleServiceDetailViewControllerAstonMartin.xib in Resources */,
				8FF71621143B06D0005ADEDF /* MonatEventDetailView.xib in Resources */,
				8FD448F2143B2903004887B6 /* NewsDetailView.xib in Resources */,
				8FBC59E7143B448500529E5D /* WetterViewController.xib in Resources */,
				8FBC59ED143B498100529E5D /* KontaktViewController.xib in Resources */,
				8FDF03C3143C51CD002985FE /* DomizileThirdDetailViewController.xib in Resources */,
				8F879E15143C5983002BD6C9 /* DomizileFourthDetailViewController.xib in Resources */,
				8F879E17143C5BD5002BD6C9 /* DomizileSecondDetailViewController.xib in Resources */,
				8F9850E8143C6C5400E12D25 /* WetterOrtePopUpView.xib in Resources */,
				8F9850EA143C707300E12D25 /* WetterSearchPopUpViewController.xib in Resources */,
				8F0DFC5B143C76720079589F /* OrteAuswahlPopUp.xib in Resources */,
				8F0DFC5D143C85210079589F /* OrteView.xib in Resources */,
				8FA5FC2D143CAEE700743200 /* TapkuLibrary.bundle in Resources */,
				8F967160143DE5070041C197 /* CalenderPopUpViewController.xib in Resources */,
				8F368DF7144341A6000A35C4 /* DomizileFirstDetailViewController.xib in Resources */,
				8F7DD0FA1445A8BC00AC6A11 /* ButtonsPopUpViewController.xib in Resources */,
				8FA8699D1445C3C1008AC064 /* SortierenNachPopOver.xib in Resources */,
				8FA869A31445CC34008AC064 /* SuchergebnisseKarte.xib in Resources */,
				8F9586FB1446EC0D00508C2D /* Home.xib in Resources */,
				8F958700144711E500508C2D /* pig.png in Resources */,
				8F17A8AC1450195200C4F72E /* SuchergebnisseHausDetail.xib in Resources */,
			);
			runOnlyForDeploymentPostprocessing = 0;
		};
/* End PBXResourcesBuildPhase section */

/* Begin PBXSourcesBuildPhase section */
		1D60588E0D05DD3D006BFB54 /* Sources */ = {
			isa = PBXSourcesBuildPhase;
			buildActionMask = 2147483647;
			files = (
				1D60589B0D05DD56006BFB54 /* main.m in Sources */,
				1D3623260D0F684500981E51 /* TabBarWithSplitViewAppDelegate.m in Sources */,
				28216C970DB411BC00E5133A /* Orte.m in Sources */,
				284F764110B34E8A00D7BA5B /* Home.m in Sources */,
				8BEF8B36135A238D003FED72 /* EnhancedSplitViewController.m in Sources */,
				8FEBA389142A15D7008F1A68 /* DomizileRootViewController.m in Sources */,
				8FEBA392142A1807008F1A68 /* DomizileSecondDetailViewController.m in Sources */,
				8F9537801431D37C009B183B /* DomizileFourthDetailViewController.m in Sources */,
				8F9537821431D37C009B183B /* DomizileThirdDetailViewController.m in Sources */,
				8F9537E014320EE6009B183B /* ShuttleServiceDetailViewControllerMaserati.m in Sources */,
				8F9537E414320F1F009B183B /* ShuttleServiceRootViewController.m in Sources */,
				8F9537EB143219FC009B183B /* ShuttleServiceDetailViewControllerAstonMartin.m in Sources */,
				8FF71620143B06D0005ADEDF /* MonatEventDetailView.m in Sources */,
				8FF71627143B09B3005ADEDF /* EventRootViewController.m in Sources */,
				8FD448ED143B283F004887B6 /* NewsRootViewController.m in Sources */,
				8FD448F1143B2903004887B6 /* NewsDetailView.m in Sources */,
				8FBC59E6143B448500529E5D /* WetterViewController.m in Sources */,
				8FBC59EC143B498100529E5D /* KontaktViewController.m in Sources */,
				8F9850E6143C6B7D00E12D25 /* SearchPopUpViewController.m in Sources */,
				8FA5FC2C143CAEE700743200 /* NSDate+TKCategory.m in Sources */,
				8FA5FC2E143CAEE700743200 /* TKCalendarMonthTableViewController.m in Sources */,
				8FA5FC2F143CAEE700743200 /* TKCalendarMonthView.m in Sources */,
				8FA5FC30143CAEE700743200 /* TKCalendarMonthViewController.m in Sources */,
				8FA5FC31143CAEE700743200 /* TKGlobal.m in Sources */,
				8FA5FC32143CAEE700743200 /* UIImage+TKCategory.m in Sources */,
				8FA5FC33143CAEE700743200 /* UIView+TKCategory.m in Sources */,
				8F96715E143DE2870041C197 /* CalendarPopUpViewController.m in Sources */,
				8F190DE7144593820089F277 /* DomizileFirstDetailViewController.m in Sources */,
				8F7DD0F91445A8BC00AC6A11 /* ButtonsPopUpViewController.m in Sources */,
				8FA8699C1445C3C1008AC064 /* SortierenNachPopOver.m in Sources */,
				8FA869A21445CC34008AC064 /* SuchergebnisseKarte.m in Sources */,
				554F7CAF1446EE7F00F9C24D /* AbstractParser.m in Sources */,
				554F7CB11446EE7F00F9C24D /* AvailabilityInfo2Parser.m in Sources */,
				554F7CB51446EE7F00F9C24D /* ObjInfo2Parser.m in Sources */,
				554F7CB71446EE7F00F9C24D /* ObjPictureParser.m in Sources */,
				554F7CB91446EE7F00F9C24D /* ObjPriceInfoParser.m in Sources */,
				554F7CBB1446EE7F00F9C24D /* ObjTextParser.m in Sources */,
				554F7CBD1446EE7F00F9C24D /* Queries.m in Sources */,
				554F7CBF1446EE7F00F9C24D /* StringConsts.m in Sources */,
				554F7CC01446EE7F00F9C24D /* Utils.m in Sources */,
				551D58E11447110C000F0E97 /* ApartmentModel.xcdatamodeld in Sources */,
				55196931144C66B600021F34 /* AvailabilityInfo2.m in Sources */,
				55196937144C66BA00021F34 /* ObjAttribute.m in Sources */,
				5519693A144C66BB00021F34 /* ObjInfo2.m in Sources */,
				5519693D144C66BD00021F34 /* ObjPriceInfo.m in Sources */,
				55196940144C66BE00021F34 /* ObjText.m in Sources */,
				55196943144C66BF00021F34 /* Price.m in Sources */,
				55196946144C66C000021F34 /* ScaledImage.m in Sources */,
				55DE6227144F039A00C90EA4 /* KeyValueData.m in Sources */,
				8F17A8AB1450195200C4F72E /* SuchergebnisseHausDetail.m in Sources */,
				55DE623214504B7500C90EA4 /* ObjPicture.m in Sources */,
			);
			runOnlyForDeploymentPostprocessing = 0;
		};
/* End PBXSourcesBuildPhase section */

/* Begin XCBuildConfiguration section */
		1D6058940D05DD3E006BFB54 /* Debug */ = {
			isa = XCBuildConfiguration;
			buildSettings = {
				ALWAYS_SEARCH_USER_PATHS = NO;
				CLANG_ENABLE_OBJC_ARC = NO;
				COPY_PHASE_STRIP = NO;
				GCC_DYNAMIC_NO_PIC = NO;
				GCC_ENABLE_OBJC_GC = unsupported;
				GCC_OPTIMIZATION_LEVEL = 0;
				GCC_PRECOMPILE_PREFIX_HEADER = YES;
				GCC_PREFIX_HEADER = TabBarWithSplitView_Prefix.pch;
				GCC_VERSION = com.apple.compilers.llvm.clang.1_0;
				GCC_WARN_UNUSED_VARIABLE = NO;
				INFOPLIST_FILE = "TabBarWithSplitView-Info.plist";
				IPHONEOS_DEPLOYMENT_TARGET = 5.0;
				LIBRARY_SEARCH_PATHS = (
					"$(inherited)",
					"\"$(SDKROOT)/usr/lib/system\"",
				);
				PRODUCT_NAME = TabBarWithSplitView;
			};
			name = Debug;
		};
		1D6058950D05DD3E006BFB54 /* Release */ = {
			isa = XCBuildConfiguration;
			buildSettings = {
				ALWAYS_SEARCH_USER_PATHS = NO;
				CLANG_ENABLE_OBJC_ARC = NO;
				COPY_PHASE_STRIP = YES;
				GCC_ENABLE_OBJC_GC = unsupported;
				GCC_PRECOMPILE_PREFIX_HEADER = YES;
				GCC_PREFIX_HEADER = TabBarWithSplitView_Prefix.pch;
				GCC_VERSION = com.apple.compilers.llvm.clang.1_0;
				GCC_WARN_UNUSED_VARIABLE = NO;
				INFOPLIST_FILE = "TabBarWithSplitView-Info.plist";
				IPHONEOS_DEPLOYMENT_TARGET = 5.0;
				LIBRARY_SEARCH_PATHS = (
					"$(inherited)",
					"\"$(SDKROOT)/usr/lib/system\"",
				);
				PRODUCT_NAME = TabBarWithSplitView;
				VALIDATE_PRODUCT = YES;
			};
			name = Release;
		};
		C01FCF4F08A954540054247B /* Debug */ = {
			isa = XCBuildConfiguration;
			buildSettings = {
				ARCHS = "$(ARCHS_UNIVERSAL_IPHONE_OS)";
				"CODE_SIGN_IDENTITY[sdk=iphoneos*]" = "iPhone Developer";
				GCC_C_LANGUAGE_STANDARD = c99;
				GCC_WARN_ABOUT_RETURN_TYPE = YES;
				GCC_WARN_UNUSED_VARIABLE = YES;
				SDKROOT = iphoneos;
				TARGETED_DEVICE_FAMILY = 2;
			};
			name = Debug;
		};
		C01FCF5008A954540054247B /* Release */ = {
			isa = XCBuildConfiguration;
			buildSettings = {
				ARCHS = "$(ARCHS_UNIVERSAL_IPHONE_OS)";
				"CODE_SIGN_IDENTITY[sdk=iphoneos*]" = "iPhone Developer";
				GCC_C_LANGUAGE_STANDARD = c99;
				GCC_WARN_ABOUT_RETURN_TYPE = YES;
				GCC_WARN_UNUSED_VARIABLE = YES;
				OTHER_CFLAGS = "-DNS_BLOCK_ASSERTIONS=1";
				SDKROOT = iphoneos;
				TARGETED_DEVICE_FAMILY = 2;
			};
			name = Release;
		};
/* End XCBuildConfiguration section */

/* Begin XCConfigurationList section */
		1D6058960D05DD3E006BFB54 /* Build configuration list for PBXNativeTarget "TabBarWithSplitView" */ = {
			isa = XCConfigurationList;
			buildConfigurations = (
				1D6058940D05DD3E006BFB54 /* Debug */,
				1D6058950D05DD3E006BFB54 /* Release */,
			);
			defaultConfigurationIsVisible = 0;
			defaultConfigurationName = Release;
		};
		C01FCF4E08A954540054247B /* Build configuration list for PBXProject "TabBarWithSplitView" */ = {
			isa = XCConfigurationList;
			buildConfigurations = (
				C01FCF4F08A954540054247B /* Debug */,
				C01FCF5008A954540054247B /* Release */,
			);
			defaultConfigurationIsVisible = 0;
			defaultConfigurationName = Release;
		};
/* End XCConfigurationList section */

/* Begin XCVersionGroup section */
		551D58DF1447110C000F0E97 /* ApartmentModel.xcdatamodeld */ = {
			isa = XCVersionGroup;
			children = (
				551D58E01447110C000F0E97 /* ApartmentModel.xcdatamodel */,
			);
			currentVersion = 551D58E01447110C000F0E97 /* ApartmentModel.xcdatamodel */;
			path = ApartmentModel.xcdatamodeld;
			sourceTree = "<group>";
			versionGroupType = wrapper.xcdatamodel;
		};
/* End XCVersionGroup section */
	};
	rootObject = 29B97313FDCFA39411CA2CEA /* Project object */;
}
